// !$*UTF8*$!
{
	archiveVersion = 1;
	classes = {
	};
	objectVersion = 56;
	objects = {

/* Begin PBXBuildFile section */
		570F42FB2B9D4C470047E4DA /* NavigationState.swift in Sources */ = {isa = PBXBuildFile; fileRef = 570F42FA2B9D4C470047E4DA /* NavigationState.swift */; };
		570F42FE2B9D58A50047E4DA /* ProfileCard.swift in Sources */ = {isa = PBXBuildFile; fileRef = 570F42FD2B9D58A50047E4DA /* ProfileCard.swift */; };
		570F43002B9D61380047E4DA /* ActivityCard.swift in Sources */ = {isa = PBXBuildFile; fileRef = 570F42FF2B9D61380047E4DA /* ActivityCard.swift */; };
		570F43032B9D62D20047E4DA /* KittyShape.swift in Sources */ = {isa = PBXBuildFile; fileRef = 570F43022B9D62D20047E4DA /* KittyShape.swift */; };
		570F43052B9D63D90047E4DA /* PatternCard.swift in Sources */ = {isa = PBXBuildFile; fileRef = 570F43042B9D63D90047E4DA /* PatternCard.swift */; };
		570F43072B9D643A0047E4DA /* LaserPattern.swift in Sources */ = {isa = PBXBuildFile; fileRef = 570F43062B9D643A0047E4DA /* LaserPattern.swift */; };
		570F43092B9D681A0047E4DA /* ColorButton.swift in Sources */ = {isa = PBXBuildFile; fileRef = 570F43082B9D681A0047E4DA /* ColorButton.swift */; };
		570F430E2B9D6B0F0047E4DA /* FavoritesCarousel.swift in Sources */ = {isa = PBXBuildFile; fileRef = 570F430D2B9D6B0F0047E4DA /* FavoritesCarousel.swift */; };
		570F43132B9D87E50047E4DA /* AnimatedTabBar in Frameworks */ = {isa = PBXBuildFile; productRef = 570F43122B9D87E50047E4DA /* AnimatedTabBar */; };
		570F43172B9D88540047E4DA /* AnimatedTabBar in Frameworks */ = {isa = PBXBuildFile; productRef = 570F43162B9D88540047E4DA /* AnimatedTabBar */; };
		570F431B2B9D88A80047E4DA /* AnimatedTabBar in Frameworks */ = {isa = PBXBuildFile; productRef = 570F431A2B9D88A80047E4DA /* AnimatedTabBar */; };
		570F431E2B9D88E10047E4DA /* AnimatedTabBar in Frameworks */ = {isa = PBXBuildFile; productRef = 570F431D2B9D88E10047E4DA /* AnimatedTabBar */; };
		5711CAE42BA8F37E004C32A4 /* MinimizableView in Frameworks */ = {isa = PBXBuildFile; productRef = 5711CAE32BA8F37E004C32A4 /* MinimizableView */; };
		5711CAED2BA8F7EB004C32A4 /* PatternDetailCover.swift in Sources */ = {isa = PBXBuildFile; fileRef = 5711CAEC2BA8F7EB004C32A4 /* PatternDetailCover.swift */; };
		5711CB1B2BA926D3004C32A4 /* PopupView in Frameworks */ = {isa = PBXBuildFile; productRef = 5711CB1A2BA926D3004C32A4 /* PopupView */; };
		573CCDF02BA68FCF0047A980 /* SessionManager.swift in Sources */ = {isa = PBXBuildFile; fileRef = 573CCDEF2BA68FCF0047A980 /* SessionManager.swift */; };
		573CCDF22BA69C6A0047A980 /* FirestoreManager.swift in Sources */ = {isa = PBXBuildFile; fileRef = 573CCDF12BA69C6A0047A980 /* FirestoreManager.swift */; };
		573CCDF42BA6ABFF0047A980 /* UserCatsViewModel.swift in Sources */ = {isa = PBXBuildFile; fileRef = 573CCDF32BA6ABFF0047A980 /* UserCatsViewModel.swift */; };
		573D65A22BA154960063CB6C /* ButtonMods.swift in Sources */ = {isa = PBXBuildFile; fileRef = 573D65A12BA154960063CB6C /* ButtonMods.swift */; };
		573D65A42BA1568E0063CB6C /* TextfieldMods.swift in Sources */ = {isa = PBXBuildFile; fileRef = 573D65A32BA1568E0063CB6C /* TextfieldMods.swift */; };
		574529B52B9E214B0084EB53 /* RootView.swift in Sources */ = {isa = PBXBuildFile; fileRef = 574529B42B9E214B0084EB53 /* RootView.swift */; };
		574529B92B9E41E70084EB53 /* LaserDots.json in Resources */ = {isa = PBXBuildFile; fileRef = 574529B82B9E41E70084EB53 /* LaserDots.json */; };
		574A812E2BB4847700F2F805 /* SplashScreen.swift in Sources */ = {isa = PBXBuildFile; fileRef = 574A812D2BB4847700F2F805 /* SplashScreen.swift */; };
		5755528A2B9EBE4B00C36DF7 /* GoogleService-Info.plist in Resources */ = {isa = PBXBuildFile; fileRef = 575552892B9EBE4A00C36DF7 /* GoogleService-Info.plist */; };
		5755528C2B9EBF6700C36DF7 /* FirebaseAuth in Frameworks */ = {isa = PBXBuildFile; productRef = 5755528B2B9EBF6700C36DF7 /* FirebaseAuth */; };
		5755528E2B9EC4F200C36DF7 /* AuthViewModel.swift in Sources */ = {isa = PBXBuildFile; fileRef = 5755528D2B9EC4F200C36DF7 /* AuthViewModel.swift */; };
		575552922B9ECB6000C36DF7 /* OnboardingView.swift in Sources */ = {isa = PBXBuildFile; fileRef = 575552912B9ECB6000C36DF7 /* OnboardingView.swift */; };
		575A363A2BAFB959009E2EDB /* Loading.json in Resources */ = {isa = PBXBuildFile; fileRef = 575A36392BAFB959009E2EDB /* Loading.json */; };
		575A363C2BAFC22F009E2EDB /* DailyQuotaManager.swift in Sources */ = {isa = PBXBuildFile; fileRef = 575A363B2BAFC22F009E2EDB /* DailyQuotaManager.swift */; };
		576CDF932BB3C645008CC66A /* LoadingCat.json in Resources */ = {isa = PBXBuildFile; fileRef = 576CDF922BB3C645008CC66A /* LoadingCat.json */; };
		579DB08A2BB8C97B00410D02 /* BluetoothViewModel.swift in Sources */ = {isa = PBXBuildFile; fileRef = 579DB0892BB8C97B00410D02 /* BluetoothViewModel.swift */; };
		579DB08C2BB8E12700410D02 /* BluetoothLoading.json in Resources */ = {isa = PBXBuildFile; fileRef = 579DB08B2BB8E12600410D02 /* BluetoothLoading.json */; };
		579DB08E2BB92BF800410D02 /* BluetoothCard.swift in Sources */ = {isa = PBXBuildFile; fileRef = 579DB08D2BB92BF800410D02 /* BluetoothCard.swift */; };
		57A00CC72BAA612D00402ABA /* TimerViewModel.swift in Sources */ = {isa = PBXBuildFile; fileRef = 57A00CC62BAA612D00402ABA /* TimerViewModel.swift */; };
		57A0E0AA2BA0B8E800C8E29C /* FirebaseStorage in Frameworks */ = {isa = PBXBuildFile; productRef = 57A0E0A92BA0B8E800C8E29C /* FirebaseStorage */; };
		57A0E0AF2BA0CCE800C8E29C /* PatternsManager.swift in Sources */ = {isa = PBXBuildFile; fileRef = 57A0E0AE2BA0CCE800C8E29C /* PatternsManager.swift */; };
		57A0E0B22BA0D76300C8E29C /* Kingfisher in Frameworks */ = {isa = PBXBuildFile; productRef = 57A0E0B12BA0D76300C8E29C /* Kingfisher */; };
		57A5E6F52BA1177600921818 /* LaserLoading.json in Resources */ = {isa = PBXBuildFile; fileRef = 57A5E6F42BA1177600921818 /* LaserLoading.json */; };
		57B8715F2BA2B27200E7F92D /* OnboardingViewModel.swift in Sources */ = {isa = PBXBuildFile; fileRef = 57B8715E2BA2B27200E7F92D /* OnboardingViewModel.swift */; };
		57B8CD362B9FBFD2007391A1 /* FirebaseFirestore in Frameworks */ = {isa = PBXBuildFile; productRef = 57B8CD352B9FBFD2007391A1 /* FirebaseFirestore */; };
		57B8CD382B9FBFD2007391A1 /* FirebaseFirestoreSwift in Frameworks */ = {isa = PBXBuildFile; productRef = 57B8CD372B9FBFD2007391A1 /* FirebaseFirestoreSwift */; };
		57B8CD3B2B9FEF01007391A1 /* UserViewModel.swift in Sources */ = {isa = PBXBuildFile; fileRef = 57B8CD3A2B9FEF01007391A1 /* UserViewModel.swift */; };
		57ECBC752B9C1AE60007E234 /* SD_App_V4App.swift in Sources */ = {isa = PBXBuildFile; fileRef = 57ECBC742B9C1AE60007E234 /* SD_App_V4App.swift */; };
		57ECBC772B9C1AE60007E234 /* ContentView.swift in Sources */ = {isa = PBXBuildFile; fileRef = 57ECBC762B9C1AE60007E234 /* ContentView.swift */; };
		57ECBC792B9C1AE70007E234 /* Assets.xcassets in Resources */ = {isa = PBXBuildFile; fileRef = 57ECBC782B9C1AE70007E234 /* Assets.xcassets */; };
		57ECBC7C2B9C1AE70007E234 /* Preview Assets.xcassets in Resources */ = {isa = PBXBuildFile; fileRef = 57ECBC7B2B9C1AE70007E234 /* Preview Assets.xcassets */; };
		57ECBC892B9C22970007E234 /* LoginView.swift in Sources */ = {isa = PBXBuildFile; fileRef = 57ECBC882B9C22970007E234 /* LoginView.swift */; };
		57ECBC8B2B9C22A10007E234 /* SignUpView.swift in Sources */ = {isa = PBXBuildFile; fileRef = 57ECBC8A2B9C22A10007E234 /* SignUpView.swift */; };
		57ECBC8D2B9C22B50007E234 /* LoginViewModel.swift in Sources */ = {isa = PBXBuildFile; fileRef = 57ECBC8C2B9C22B50007E234 /* LoginViewModel.swift */; };
		57ECBC8F2B9C22BF0007E234 /* SignUpViewModel.swift in Sources */ = {isa = PBXBuildFile; fileRef = 57ECBC8E2B9C22BF0007E234 /* SignUpViewModel.swift */; };
		57ECBC932B9C22E20007E234 /* DashboardViewModel.swift in Sources */ = {isa = PBXBuildFile; fileRef = 57ECBC922B9C22E20007E234 /* DashboardViewModel.swift */; };
		57ECBC952B9C22EB0007E234 /* DashboardView.swift in Sources */ = {isa = PBXBuildFile; fileRef = 57ECBC942B9C22EB0007E234 /* DashboardView.swift */; };
		57ECBC982B9C231A0007E234 /* PatternsListView.swift in Sources */ = {isa = PBXBuildFile; fileRef = 57ECBC972B9C231A0007E234 /* PatternsListView.swift */; };
		57ECBC9A2B9C23280007E234 /* PatternsListViewModel.swift in Sources */ = {isa = PBXBuildFile; fileRef = 57ECBC992B9C23280007E234 /* PatternsListViewModel.swift */; };
		57ECBC9D2B9C23540007E234 /* ProfileView.swift in Sources */ = {isa = PBXBuildFile; fileRef = 57ECBC9C2B9C23540007E234 /* ProfileView.swift */; };
		57ECBC9F2B9C23670007E234 /* ProfileViewModel.swift in Sources */ = {isa = PBXBuildFile; fileRef = 57ECBC9E2B9C23670007E234 /* ProfileViewModel.swift */; };
		57ECBCA22B9C23820007E234 /* SettingsViewModel.swift in Sources */ = {isa = PBXBuildFile; fileRef = 57ECBCA12B9C23820007E234 /* SettingsViewModel.swift */; };
		57ECBCA42B9C238D0007E234 /* SettingsView.swift in Sources */ = {isa = PBXBuildFile; fileRef = 57ECBCA32B9C238D0007E234 /* SettingsView.swift */; };
		57ECBCA82B9C24360007E234 /* AppUser.swift in Sources */ = {isa = PBXBuildFile; fileRef = 57ECBCA72B9C24360007E234 /* AppUser.swift */; };
		57ECBCAA2B9C243C0007E234 /* Cat.swift in Sources */ = {isa = PBXBuildFile; fileRef = 57ECBCA92B9C243C0007E234 /* Cat.swift */; };
		57ECBCAD2B9C249C0007E234 /* WelcomeView.swift in Sources */ = {isa = PBXBuildFile; fileRef = 57ECBCAC2B9C249C0007E234 /* WelcomeView.swift */; };
		57ECBCAF2B9C24A80007E234 /* WelcomeViewModel.swift in Sources */ = {isa = PBXBuildFile; fileRef = 57ECBCAE2B9C24A80007E234 /* WelcomeViewModel.swift */; };
		57ECBCB12B9C24C80007E234 /* TabBarView.swift in Sources */ = {isa = PBXBuildFile; fileRef = 57ECBCB02B9C24C80007E234 /* TabBarView.swift */; };
		57ECBCB42B9C2BA70007E234 /* LottiePlusView.swift in Sources */ = {isa = PBXBuildFile; fileRef = 57ECBCB32B9C2BA70007E234 /* LottiePlusView.swift */; };
		57ECBCB72B9C2C340007E234 /* Lottie in Frameworks */ = {isa = PBXBuildFile; productRef = 57ECBCB62B9C2C340007E234 /* Lottie */; };
		57ECBCBC2B9C2D340007E234 /* Constants.swift in Sources */ = {isa = PBXBuildFile; fileRef = 57ECBCB92B9C2D340007E234 /* Constants.swift */; };
		57ECBCBD2B9C2D340007E234 /* GingerHunt.json in Resources */ = {isa = PBXBuildFile; fileRef = 57ECBCBA2B9C2D340007E234 /* GingerHunt.json */; };
		57ECBCBE2B9C2D340007E234 /* GingerHunt_Dark.json in Resources */ = {isa = PBXBuildFile; fileRef = 57ECBCBB2B9C2D340007E234 /* GingerHunt_Dark.json */; };
		57ECBCC62B9C34F10007E234 /* GlowModifier.swift in Sources */ = {isa = PBXBuildFile; fileRef = 57ECBCC52B9C34F10007E234 /* GlowModifier.swift */; };
		57ECBCCA2B9C36720007E234 /* TitanOne-Regular.ttf in Resources */ = {isa = PBXBuildFile; fileRef = 57ECBCC92B9C36720007E234 /* TitanOne-Regular.ttf */; };
		57ECBCCC2B9C36880007E234 /* Quicksand[wght].ttf in Resources */ = {isa = PBXBuildFile; fileRef = 57ECBCCB2B9C36880007E234 /* Quicksand[wght].ttf */; };
		57ECBCCE2B9C4D750007E234 /* ForgotPasswordView.swift in Sources */ = {isa = PBXBuildFile; fileRef = 57ECBCCD2B9C4D750007E234 /* ForgotPasswordView.swift */; };
/* End PBXBuildFile section */

/* Begin PBXFileReference section */
		570F42FA2B9D4C470047E4DA /* NavigationState.swift */ = {isa = PBXFileReference; lastKnownFileType = sourcecode.swift; path = NavigationState.swift; sourceTree = "<group>"; };
		570F42FD2B9D58A50047E4DA /* ProfileCard.swift */ = {isa = PBXFileReference; lastKnownFileType = sourcecode.swift; path = ProfileCard.swift; sourceTree = "<group>"; };
		570F42FF2B9D61380047E4DA /* ActivityCard.swift */ = {isa = PBXFileReference; lastKnownFileType = sourcecode.swift; path = ActivityCard.swift; sourceTree = "<group>"; };
		570F43022B9D62D20047E4DA /* KittyShape.swift */ = {isa = PBXFileReference; lastKnownFileType = sourcecode.swift; path = KittyShape.swift; sourceTree = "<group>"; };
		570F43042B9D63D90047E4DA /* PatternCard.swift */ = {isa = PBXFileReference; lastKnownFileType = sourcecode.swift; path = PatternCard.swift; sourceTree = "<group>"; };
		570F43062B9D643A0047E4DA /* LaserPattern.swift */ = {isa = PBXFileReference; lastKnownFileType = sourcecode.swift; path = LaserPattern.swift; sourceTree = "<group>"; };
		570F43082B9D681A0047E4DA /* ColorButton.swift */ = {isa = PBXFileReference; lastKnownFileType = sourcecode.swift; path = ColorButton.swift; sourceTree = "<group>"; };
		570F430D2B9D6B0F0047E4DA /* FavoritesCarousel.swift */ = {isa = PBXFileReference; lastKnownFileType = sourcecode.swift; path = FavoritesCarousel.swift; sourceTree = "<group>"; };
		5711CAEC2BA8F7EB004C32A4 /* PatternDetailCover.swift */ = {isa = PBXFileReference; lastKnownFileType = sourcecode.swift; path = PatternDetailCover.swift; sourceTree = "<group>"; };
		573CCDEF2BA68FCF0047A980 /* SessionManager.swift */ = {isa = PBXFileReference; lastKnownFileType = sourcecode.swift; path = SessionManager.swift; sourceTree = "<group>"; };
		573CCDF12BA69C6A0047A980 /* FirestoreManager.swift */ = {isa = PBXFileReference; lastKnownFileType = sourcecode.swift; path = FirestoreManager.swift; sourceTree = "<group>"; };
		573CCDF32BA6ABFF0047A980 /* UserCatsViewModel.swift */ = {isa = PBXFileReference; lastKnownFileType = sourcecode.swift; path = UserCatsViewModel.swift; sourceTree = "<group>"; };
		573D65A12BA154960063CB6C /* ButtonMods.swift */ = {isa = PBXFileReference; lastKnownFileType = sourcecode.swift; path = ButtonMods.swift; sourceTree = "<group>"; };
		573D65A32BA1568E0063CB6C /* TextfieldMods.swift */ = {isa = PBXFileReference; lastKnownFileType = sourcecode.swift; path = TextfieldMods.swift; sourceTree = "<group>"; };
		574529B42B9E214B0084EB53 /* RootView.swift */ = {isa = PBXFileReference; lastKnownFileType = sourcecode.swift; path = RootView.swift; sourceTree = "<group>"; };
		574529B82B9E41E70084EB53 /* LaserDots.json */ = {isa = PBXFileReference; fileEncoding = 4; lastKnownFileType = text.json; name = LaserDots.json; path = ../../../../../../../../../Downloads/LaserDots.json; sourceTree = "<group>"; };
		574A812D2BB4847700F2F805 /* SplashScreen.swift */ = {isa = PBXFileReference; lastKnownFileType = sourcecode.swift; path = SplashScreen.swift; sourceTree = "<group>"; };
		575552892B9EBE4A00C36DF7 /* GoogleService-Info.plist */ = {isa = PBXFileReference; fileEncoding = 4; lastKnownFileType = text.plist.xml; name = "GoogleService-Info.plist"; path = "../../../../../../../Desktop/GoogleService-Info.plist"; sourceTree = "<group>"; };
		5755528D2B9EC4F200C36DF7 /* AuthViewModel.swift */ = {isa = PBXFileReference; lastKnownFileType = sourcecode.swift; path = AuthViewModel.swift; sourceTree = "<group>"; };
		575552912B9ECB6000C36DF7 /* OnboardingView.swift */ = {isa = PBXFileReference; lastKnownFileType = sourcecode.swift; path = OnboardingView.swift; sourceTree = "<group>"; };
		575A36392BAFB959009E2EDB /* Loading.json */ = {isa = PBXFileReference; fileEncoding = 4; lastKnownFileType = text.json; name = Loading.json; path = ../../../../../../../../../Desktop/Loading.json; sourceTree = "<group>"; };
		575A363B2BAFC22F009E2EDB /* DailyQuotaManager.swift */ = {isa = PBXFileReference; lastKnownFileType = sourcecode.swift; path = DailyQuotaManager.swift; sourceTree = "<group>"; };
		576CDF922BB3C645008CC66A /* LoadingCat.json */ = {isa = PBXFileReference; fileEncoding = 4; lastKnownFileType = text.json; name = LoadingCat.json; path = ../../../../../../../../../Desktop/LoadingCat.json; sourceTree = "<group>"; };
		579DB0892BB8C97B00410D02 /* BluetoothViewModel.swift */ = {isa = PBXFileReference; lastKnownFileType = sourcecode.swift; path = BluetoothViewModel.swift; sourceTree = "<group>"; };
		579DB08B2BB8E12600410D02 /* BluetoothLoading.json */ = {isa = PBXFileReference; fileEncoding = 4; lastKnownFileType = text.json; name = BluetoothLoading.json; path = ../../../../../../../../../Downloads/BluetoothLoading.json; sourceTree = "<group>"; };
		579DB08D2BB92BF800410D02 /* BluetoothCard.swift */ = {isa = PBXFileReference; lastKnownFileType = sourcecode.swift; path = BluetoothCard.swift; sourceTree = "<group>"; };
		57A00CC62BAA612D00402ABA /* TimerViewModel.swift */ = {isa = PBXFileReference; lastKnownFileType = sourcecode.swift; path = TimerViewModel.swift; sourceTree = "<group>"; };
		57A0E0AE2BA0CCE800C8E29C /* PatternsManager.swift */ = {isa = PBXFileReference; lastKnownFileType = sourcecode.swift; path = PatternsManager.swift; sourceTree = "<group>"; };
		57A5E6F42BA1177600921818 /* LaserLoading.json */ = {isa = PBXFileReference; fileEncoding = 4; lastKnownFileType = text.json; path = LaserLoading.json; sourceTree = "<group>"; };
		57B8715E2BA2B27200E7F92D /* OnboardingViewModel.swift */ = {isa = PBXFileReference; lastKnownFileType = sourcecode.swift; path = OnboardingViewModel.swift; sourceTree = "<group>"; };
		57B8CD3A2B9FEF01007391A1 /* UserViewModel.swift */ = {isa = PBXFileReference; lastKnownFileType = sourcecode.swift; path = UserViewModel.swift; sourceTree = "<group>"; };
		57ECBC712B9C1AE60007E234 /* SD App V4.app */ = {isa = PBXFileReference; explicitFileType = wrapper.application; includeInIndex = 0; path = "SD App V4.app"; sourceTree = BUILT_PRODUCTS_DIR; };
		57ECBC742B9C1AE60007E234 /* SD_App_V4App.swift */ = {isa = PBXFileReference; lastKnownFileType = sourcecode.swift; path = SD_App_V4App.swift; sourceTree = "<group>"; };
		57ECBC762B9C1AE60007E234 /* ContentView.swift */ = {isa = PBXFileReference; lastKnownFileType = sourcecode.swift; path = ContentView.swift; sourceTree = "<group>"; };
		57ECBC782B9C1AE70007E234 /* Assets.xcassets */ = {isa = PBXFileReference; lastKnownFileType = folder.assetcatalog; path = Assets.xcassets; sourceTree = "<group>"; };
		57ECBC7B2B9C1AE70007E234 /* Preview Assets.xcassets */ = {isa = PBXFileReference; lastKnownFileType = folder.assetcatalog; path = "Preview Assets.xcassets"; sourceTree = "<group>"; };
		57ECBC882B9C22970007E234 /* LoginView.swift */ = {isa = PBXFileReference; lastKnownFileType = sourcecode.swift; path = LoginView.swift; sourceTree = "<group>"; };
		57ECBC8A2B9C22A10007E234 /* SignUpView.swift */ = {isa = PBXFileReference; lastKnownFileType = sourcecode.swift; path = SignUpView.swift; sourceTree = "<group>"; };
		57ECBC8C2B9C22B50007E234 /* LoginViewModel.swift */ = {isa = PBXFileReference; lastKnownFileType = sourcecode.swift; path = LoginViewModel.swift; sourceTree = "<group>"; };
		57ECBC8E2B9C22BF0007E234 /* SignUpViewModel.swift */ = {isa = PBXFileReference; lastKnownFileType = sourcecode.swift; path = SignUpViewModel.swift; sourceTree = "<group>"; };
		57ECBC922B9C22E20007E234 /* DashboardViewModel.swift */ = {isa = PBXFileReference; lastKnownFileType = sourcecode.swift; path = DashboardViewModel.swift; sourceTree = "<group>"; };
		57ECBC942B9C22EB0007E234 /* DashboardView.swift */ = {isa = PBXFileReference; lastKnownFileType = sourcecode.swift; path = DashboardView.swift; sourceTree = "<group>"; };
		57ECBC972B9C231A0007E234 /* PatternsListView.swift */ = {isa = PBXFileReference; lastKnownFileType = sourcecode.swift; path = PatternsListView.swift; sourceTree = "<group>"; };
		57ECBC992B9C23280007E234 /* PatternsListViewModel.swift */ = {isa = PBXFileReference; lastKnownFileType = sourcecode.swift; path = PatternsListViewModel.swift; sourceTree = "<group>"; };
		57ECBC9C2B9C23540007E234 /* ProfileView.swift */ = {isa = PBXFileReference; lastKnownFileType = sourcecode.swift; path = ProfileView.swift; sourceTree = "<group>"; };
		57ECBC9E2B9C23670007E234 /* ProfileViewModel.swift */ = {isa = PBXFileReference; lastKnownFileType = sourcecode.swift; path = ProfileViewModel.swift; sourceTree = "<group>"; };
		57ECBCA12B9C23820007E234 /* SettingsViewModel.swift */ = {isa = PBXFileReference; lastKnownFileType = sourcecode.swift; path = SettingsViewModel.swift; sourceTree = "<group>"; };
		57ECBCA32B9C238D0007E234 /* SettingsView.swift */ = {isa = PBXFileReference; lastKnownFileType = sourcecode.swift; path = SettingsView.swift; sourceTree = "<group>"; };
		57ECBCA72B9C24360007E234 /* AppUser.swift */ = {isa = PBXFileReference; lastKnownFileType = sourcecode.swift; path = AppUser.swift; sourceTree = "<group>"; };
		57ECBCA92B9C243C0007E234 /* Cat.swift */ = {isa = PBXFileReference; lastKnownFileType = sourcecode.swift; path = Cat.swift; sourceTree = "<group>"; };
		57ECBCAC2B9C249C0007E234 /* WelcomeView.swift */ = {isa = PBXFileReference; lastKnownFileType = sourcecode.swift; path = WelcomeView.swift; sourceTree = "<group>"; };
		57ECBCAE2B9C24A80007E234 /* WelcomeViewModel.swift */ = {isa = PBXFileReference; lastKnownFileType = sourcecode.swift; path = WelcomeViewModel.swift; sourceTree = "<group>"; };
		57ECBCB02B9C24C80007E234 /* TabBarView.swift */ = {isa = PBXFileReference; lastKnownFileType = sourcecode.swift; path = TabBarView.swift; sourceTree = "<group>"; };
		57ECBCB32B9C2BA70007E234 /* LottiePlusView.swift */ = {isa = PBXFileReference; lastKnownFileType = sourcecode.swift; path = LottiePlusView.swift; sourceTree = "<group>"; };
		57ECBCB92B9C2D340007E234 /* Constants.swift */ = {isa = PBXFileReference; fileEncoding = 4; lastKnownFileType = sourcecode.swift; name = Constants.swift; path = "../../../../SD App V3 - copy/SD App V3/Appearance/Lottie/Constants.swift"; sourceTree = "<group>"; };
		57ECBCBA2B9C2D340007E234 /* GingerHunt.json */ = {isa = PBXFileReference; fileEncoding = 4; lastKnownFileType = text.json; name = GingerHunt.json; path = "../../../../SD App V3 - copy/SD App V3/Appearance/Lottie/GingerHunt.json"; sourceTree = "<group>"; };
		57ECBCBB2B9C2D340007E234 /* GingerHunt_Dark.json */ = {isa = PBXFileReference; fileEncoding = 4; lastKnownFileType = text.json; name = GingerHunt_Dark.json; path = "../../../../SD App V3 - copy/SD App V3/Appearance/Lottie/GingerHunt_Dark.json"; sourceTree = "<group>"; };
		57ECBCC52B9C34F10007E234 /* GlowModifier.swift */ = {isa = PBXFileReference; lastKnownFileType = sourcecode.swift; path = GlowModifier.swift; sourceTree = "<group>"; };
		57ECBCC72B9C35F40007E234 /* SD-App-V4-Info.plist */ = {isa = PBXFileReference; lastKnownFileType = text.plist; path = "SD-App-V4-Info.plist"; sourceTree = SOURCE_ROOT; };
		57ECBCC92B9C36720007E234 /* TitanOne-Regular.ttf */ = {isa = PBXFileReference; lastKnownFileType = file; name = "TitanOne-Regular.ttf"; path = "../../../../../../../../../Desktop/test-app/sd1-app/SD App V3/Appearance/Fonts/TitanOne-Regular.ttf"; sourceTree = "<group>"; };
		57ECBCCB2B9C36880007E234 /* Quicksand[wght].ttf */ = {isa = PBXFileReference; lastKnownFileType = file; name = "Quicksand[wght].ttf"; path = "../../../../../../../../../Desktop/test-app/sd1-app/SD App V3/Appearance/Fonts/Quicksand[wght].ttf"; sourceTree = "<group>"; };
		57ECBCCD2B9C4D750007E234 /* ForgotPasswordView.swift */ = {isa = PBXFileReference; lastKnownFileType = sourcecode.swift; path = ForgotPasswordView.swift; sourceTree = "<group>"; };
/* End PBXFileReference section */

/* Begin PBXFrameworksBuildPhase section */
		57ECBC6E2B9C1AE60007E234 /* Frameworks */ = {
			isa = PBXFrameworksBuildPhase;
			buildActionMask = 2147483647;
			files = (
				5711CB1B2BA926D3004C32A4 /* PopupView in Frameworks */,
				5711CAE42BA8F37E004C32A4 /* MinimizableView in Frameworks */,
				570F431E2B9D88E10047E4DA /* AnimatedTabBar in Frameworks */,
				5755528C2B9EBF6700C36DF7 /* FirebaseAuth in Frameworks */,
				57A0E0AA2BA0B8E800C8E29C /* FirebaseStorage in Frameworks */,
				570F43172B9D88540047E4DA /* AnimatedTabBar in Frameworks */,
				57A0E0B22BA0D76300C8E29C /* Kingfisher in Frameworks */,
				570F431B2B9D88A80047E4DA /* AnimatedTabBar in Frameworks */,
				57ECBCB72B9C2C340007E234 /* Lottie in Frameworks */,
				570F43132B9D87E50047E4DA /* AnimatedTabBar in Frameworks */,
				57B8CD362B9FBFD2007391A1 /* FirebaseFirestore in Frameworks */,
				57B8CD382B9FBFD2007391A1 /* FirebaseFirestoreSwift in Frameworks */,
			);
			runOnlyForDeploymentPostprocessing = 0;
		};
/* End PBXFrameworksBuildPhase section */

/* Begin PBXGroup section */
		570F42FC2B9D58830047E4DA /* Components */ = {
			isa = PBXGroup;
			children = (
				570F43012B9D628E0047E4DA /* Shapes */,
				570F42FD2B9D58A50047E4DA /* ProfileCard.swift */,
				570F42FF2B9D61380047E4DA /* ActivityCard.swift */,
				570F43042B9D63D90047E4DA /* PatternCard.swift */,
				570F430D2B9D6B0F0047E4DA /* FavoritesCarousel.swift */,
				57A00CC62BAA612D00402ABA /* TimerViewModel.swift */,
				579DB08D2BB92BF800410D02 /* BluetoothCard.swift */,
			);
			path = Components;
			sourceTree = "<group>";
		};
		570F43012B9D628E0047E4DA /* Shapes */ = {
			isa = PBXGroup;
			children = (
				570F43022B9D62D20047E4DA /* KittyShape.swift */,
			);
			path = Shapes;
			sourceTree = "<group>";
		};
		570F430F2B9D7B260047E4DA /* Frameworks */ = {
			isa = PBXGroup;
			children = (
			);
			name = Frameworks;
			sourceTree = "<group>";
		};
		5711CAE92BA8F732004C32A4 /* PatternDetail */ = {
			isa = PBXGroup;
			children = (
				5711CAEC2BA8F7EB004C32A4 /* PatternDetailCover.swift */,
			);
			path = PatternDetail;
			sourceTree = "<group>";
		};
		573D65A02BA1547D0063CB6C /* Modifiers */ = {
			isa = PBXGroup;
			children = (
				573D65A12BA154960063CB6C /* ButtonMods.swift */,
				573D65A32BA1568E0063CB6C /* TextfieldMods.swift */,
			);
			path = Modifiers;
			sourceTree = "<group>";
		};
		574529BD2B9E48AC0084EB53 /* AuthService */ = {
			isa = PBXGroup;
			children = (
				5755528D2B9EC4F200C36DF7 /* AuthViewModel.swift */,
				573CCDEF2BA68FCF0047A980 /* SessionManager.swift */,
				573CCDF12BA69C6A0047A980 /* FirestoreManager.swift */,
			);
			path = AuthService;
			sourceTree = "<group>";
		};
		5755528F2B9ECB3400C36DF7 /* Onboarding */ = {
			isa = PBXGroup;
			children = (
				575552912B9ECB6000C36DF7 /* OnboardingView.swift */,
				57B8715E2BA2B27200E7F92D /* OnboardingViewModel.swift */,
			);
			path = Onboarding;
			sourceTree = "<group>";
		};
		575552902B9ECB3E00C36DF7 /* InitialSetup */ = {
			isa = PBXGroup;
			children = (
				57ECBCAB2B9C246B0007E234 /* Welcome */,
				5755528F2B9ECB3400C36DF7 /* Onboarding */,
				574A812D2BB4847700F2F805 /* SplashScreen.swift */,
			);
			path = InitialSetup;
			sourceTree = "<group>";
		};
		579DB0882BB8C93800410D02 /* Bluetooth */ = {
			isa = PBXGroup;
			children = (
				579DB0892BB8C97B00410D02 /* BluetoothViewModel.swift */,
			);
			path = Bluetooth;
			sourceTree = "<group>";
		};
		57A0E0AD2BA0B99200C8E29C /* LaserProfile */ = {
			isa = PBXGroup;
			children = (
				570F43062B9D643A0047E4DA /* LaserPattern.swift */,
			);
			path = LaserProfile;
			sourceTree = "<group>";
		};
		57B8CD392B9FEEBB007391A1 /* UserProfile */ = {
			isa = PBXGroup;
			children = (
				57ECBCA72B9C24360007E234 /* AppUser.swift */,
				57B8CD3A2B9FEF01007391A1 /* UserViewModel.swift */,
			);
			path = UserProfile;
			sourceTree = "<group>";
		};
		57ECBC682B9C1AE60007E234 = {
			isa = PBXGroup;
			children = (
				57ECBC732B9C1AE60007E234 /* SD App V4 */,
				57ECBC722B9C1AE60007E234 /* Products */,
				570F430F2B9D7B260047E4DA /* Frameworks */,
			);
			sourceTree = "<group>";
		};
		57ECBC722B9C1AE60007E234 /* Products */ = {
			isa = PBXGroup;
			children = (
				57ECBC712B9C1AE60007E234 /* SD App V4.app */,
			);
			name = Products;
			sourceTree = "<group>";
		};
		57ECBC732B9C1AE60007E234 /* SD App V4 */ = {
			isa = PBXGroup;
			children = (
				575552892B9EBE4A00C36DF7 /* GoogleService-Info.plist */,
				57ECBCC72B9C35F40007E234 /* SD-App-V4-Info.plist */,
				575552902B9ECB3E00C36DF7 /* InitialSetup */,
				57ECBCA52B9C241D0007E234 /* MainSections */,
				57ECBC832B9C21FC0007E234 /* Authentication */,
				579DB0882BB8C93800410D02 /* Bluetooth */,
				57ECBCA62B9C242D0007E234 /* Models */,
				57ECBCB22B9C25970007E234 /* Utilities */,
				570F42FA2B9D4C470047E4DA /* NavigationState.swift */,
				57ECBC742B9C1AE60007E234 /* SD_App_V4App.swift */,
				57ECBC762B9C1AE60007E234 /* ContentView.swift */,
				57ECBC782B9C1AE70007E234 /* Assets.xcassets */,
				57ECBC7A2B9C1AE70007E234 /* Preview Content */,
			);
			path = "SD App V4";
			sourceTree = "<group>";
		};
		57ECBC7A2B9C1AE70007E234 /* Preview Content */ = {
			isa = PBXGroup;
			children = (
				57ECBC7B2B9C1AE70007E234 /* Preview Assets.xcassets */,
			);
			path = "Preview Content";
			sourceTree = "<group>";
		};
		57ECBC832B9C21FC0007E234 /* Authentication */ = {
			isa = PBXGroup;
			children = (
				574529BD2B9E48AC0084EB53 /* AuthService */,
				57ECBC842B9C22060007E234 /* Views */,
				57ECBC852B9C22130007E234 /* ViewModels */,
			);
			path = Authentication;
			sourceTree = "<group>";
		};
		57ECBC842B9C22060007E234 /* Views */ = {
			isa = PBXGroup;
			children = (
				57ECBC882B9C22970007E234 /* LoginView.swift */,
				57ECBC8A2B9C22A10007E234 /* SignUpView.swift */,
				57ECBCCD2B9C4D750007E234 /* ForgotPasswordView.swift */,
			);
			path = Views;
			sourceTree = "<group>";
		};
		57ECBC852B9C22130007E234 /* ViewModels */ = {
			isa = PBXGroup;
			children = (
				57ECBC8C2B9C22B50007E234 /* LoginViewModel.swift */,
				57ECBC8E2B9C22BF0007E234 /* SignUpViewModel.swift */,
			);
			path = ViewModels;
			sourceTree = "<group>";
		};
		57ECBC872B9C22460007E234 /* Dashboard */ = {
			isa = PBXGroup;
			children = (
				57ECBC942B9C22EB0007E234 /* DashboardView.swift */,
				57ECBC922B9C22E20007E234 /* DashboardViewModel.swift */,
			);
			path = Dashboard;
			sourceTree = "<group>";
		};
		57ECBC962B9C22F80007E234 /* PatternsList */ = {
			isa = PBXGroup;
			children = (
				57ECBC972B9C231A0007E234 /* PatternsListView.swift */,
				57ECBC992B9C23280007E234 /* PatternsListViewModel.swift */,
				57A0E0AE2BA0CCE800C8E29C /* PatternsManager.swift */,
			);
			path = PatternsList;
			sourceTree = "<group>";
		};
		57ECBC9B2B9C23320007E234 /* Profile */ = {
			isa = PBXGroup;
			children = (
				57ECBC9C2B9C23540007E234 /* ProfileView.swift */,
				57ECBC9E2B9C23670007E234 /* ProfileViewModel.swift */,
			);
			path = Profile;
			sourceTree = "<group>";
		};
		57ECBCA02B9C23710007E234 /* Settings */ = {
			isa = PBXGroup;
			children = (
				57ECBCA32B9C238D0007E234 /* SettingsView.swift */,
				57ECBCA12B9C23820007E234 /* SettingsViewModel.swift */,
			);
			path = Settings;
			sourceTree = "<group>";
		};
		57ECBCA52B9C241D0007E234 /* MainSections */ = {
			isa = PBXGroup;
			children = (
				5711CAE92BA8F732004C32A4 /* PatternDetail */,
				57ECBC872B9C22460007E234 /* Dashboard */,
				57ECBC962B9C22F80007E234 /* PatternsList */,
				57ECBC9B2B9C23320007E234 /* Profile */,
				57ECBCA02B9C23710007E234 /* Settings */,
				570F42FC2B9D58830047E4DA /* Components */,
				57ECBCB02B9C24C80007E234 /* TabBarView.swift */,
				574529B42B9E214B0084EB53 /* RootView.swift */,
				573CCDF32BA6ABFF0047A980 /* UserCatsViewModel.swift */,
			);
			path = MainSections;
			sourceTree = "<group>";
		};
		57ECBCA62B9C242D0007E234 /* Models */ = {
			isa = PBXGroup;
			children = (
				57A0E0AD2BA0B99200C8E29C /* LaserProfile */,
				57B8CD392B9FEEBB007391A1 /* UserProfile */,
				57ECBCA92B9C243C0007E234 /* Cat.swift */,
			);
			path = Models;
			sourceTree = "<group>";
		};
		57ECBCAB2B9C246B0007E234 /* Welcome */ = {
			isa = PBXGroup;
			children = (
				57ECBCAC2B9C249C0007E234 /* WelcomeView.swift */,
				57ECBCAE2B9C24A80007E234 /* WelcomeViewModel.swift */,
			);
			path = Welcome;
			sourceTree = "<group>";
		};
		57ECBCB22B9C25970007E234 /* Utilities */ = {
			isa = PBXGroup;
			children = (
				573D65A02BA1547D0063CB6C /* Modifiers */,
				57ECBCC82B9C363A0007E234 /* Fonts */,
				57ECBCB82B9C2C420007E234 /* LottieFiles */,
				57ECBCB32B9C2BA70007E234 /* LottiePlusView.swift */,
				57ECBCC52B9C34F10007E234 /* GlowModifier.swift */,
				570F43082B9D681A0047E4DA /* ColorButton.swift */,
				575A363B2BAFC22F009E2EDB /* DailyQuotaManager.swift */,
			);
			path = Utilities;
			sourceTree = "<group>";
		};
		57ECBCB82B9C2C420007E234 /* LottieFiles */ = {
			isa = PBXGroup;
			children = (
				57ECBCB92B9C2D340007E234 /* Constants.swift */,
				579DB08B2BB8E12600410D02 /* BluetoothLoading.json */,
				576CDF922BB3C645008CC66A /* LoadingCat.json */,
				575A36392BAFB959009E2EDB /* Loading.json */,
				57A5E6F42BA1177600921818 /* LaserLoading.json */,
				574529B82B9E41E70084EB53 /* LaserDots.json */,
				57ECBCBB2B9C2D340007E234 /* GingerHunt_Dark.json */,
				57ECBCBA2B9C2D340007E234 /* GingerHunt.json */,
			);
			path = LottieFiles;
			sourceTree = "<group>";
		};
		57ECBCC82B9C363A0007E234 /* Fonts */ = {
			isa = PBXGroup;
			children = (
				57ECBCCB2B9C36880007E234 /* Quicksand[wght].ttf */,
				57ECBCC92B9C36720007E234 /* TitanOne-Regular.ttf */,
			);
			path = Fonts;
			sourceTree = "<group>";
		};
/* End PBXGroup section */

/* Begin PBXNativeTarget section */
		57ECBC702B9C1AE60007E234 /* SD App V4 */ = {
			isa = PBXNativeTarget;
			buildConfigurationList = 57ECBC7F2B9C1AE70007E234 /* Build configuration list for PBXNativeTarget "SD App V4" */;
			buildPhases = (
				57ECBC6D2B9C1AE60007E234 /* Sources */,
				57ECBC6E2B9C1AE60007E234 /* Frameworks */,
				57ECBC6F2B9C1AE60007E234 /* Resources */,
			);
			buildRules = (
			);
			dependencies = (
			);
			name = "SD App V4";
			packageProductDependencies = (
				57ECBCB62B9C2C340007E234 /* Lottie */,
				570F43122B9D87E50047E4DA /* AnimatedTabBar */,
				570F43162B9D88540047E4DA /* AnimatedTabBar */,
				570F431A2B9D88A80047E4DA /* AnimatedTabBar */,
				570F431D2B9D88E10047E4DA /* AnimatedTabBar */,
				5755528B2B9EBF6700C36DF7 /* FirebaseAuth */,
				57B8CD352B9FBFD2007391A1 /* FirebaseFirestore */,
				57B8CD372B9FBFD2007391A1 /* FirebaseFirestoreSwift */,
				57A0E0A92BA0B8E800C8E29C /* FirebaseStorage */,
				57A0E0B12BA0D76300C8E29C /* Kingfisher */,
				5711CAE32BA8F37E004C32A4 /* MinimizableView */,
				5711CB1A2BA926D3004C32A4 /* PopupView */,
			);
			productName = "SD App V4";
			productReference = 57ECBC712B9C1AE60007E234 /* SD App V4.app */;
			productType = "com.apple.product-type.application";
		};
/* End PBXNativeTarget section */

/* Begin PBXProject section */
		57ECBC692B9C1AE60007E234 /* Project object */ = {
			isa = PBXProject;
			attributes = {
				BuildIndependentTargetsInParallel = 1;
				LastSwiftUpdateCheck = 1530;
				LastUpgradeCheck = 1530;
				TargetAttributes = {
					57ECBC702B9C1AE60007E234 = {
						CreatedOnToolsVersion = 15.3;
					};
				};
			};
			buildConfigurationList = 57ECBC6C2B9C1AE60007E234 /* Build configuration list for PBXProject "SD App V4" */;
			compatibilityVersion = "Xcode 14.0";
			developmentRegion = en;
			hasScannedForEncodings = 0;
			knownRegions = (
				en,
				Base,
			);
			mainGroup = 57ECBC682B9C1AE60007E234;
			packageReferences = (
				57ECBCB52B9C2C340007E234 /* XCRemoteSwiftPackageReference "lottie-spm" */,
				570F431C2B9D88E10047E4DA /* XCRemoteSwiftPackageReference "AnimatedTabBar" */,
				574529BA2B9E46260084EB53 /* XCRemoteSwiftPackageReference "sdk-for-apple" */,
				575552862B9EB9B000C36DF7 /* XCRemoteSwiftPackageReference "firebase-ios-sdk" */,
				57A0E0B02BA0D76300C8E29C /* XCRemoteSwiftPackageReference "Kingfisher" */,
				5711CAE22BA8F37E004C32A4 /* XCRemoteSwiftPackageReference "MinimizableView" */,
				5711CB192BA926D3004C32A4 /* XCRemoteSwiftPackageReference "PopupView" */,
			);
			productRefGroup = 57ECBC722B9C1AE60007E234 /* Products */;
			projectDirPath = "";
			projectRoot = "";
			targets = (
				57ECBC702B9C1AE60007E234 /* SD App V4 */,
			);
		};
/* End PBXProject section */

/* Begin PBXResourcesBuildPhase section */
		57ECBC6F2B9C1AE60007E234 /* Resources */ = {
			isa = PBXResourcesBuildPhase;
			buildActionMask = 2147483647;
			files = (
				57ECBCCA2B9C36720007E234 /* TitanOne-Regular.ttf in Resources */,
				5755528A2B9EBE4B00C36DF7 /* GoogleService-Info.plist in Resources */,
				574529B92B9E41E70084EB53 /* LaserDots.json in Resources */,
				57ECBCBE2B9C2D340007E234 /* GingerHunt_Dark.json in Resources */,
				576CDF932BB3C645008CC66A /* LoadingCat.json in Resources */,
				575A363A2BAFB959009E2EDB /* Loading.json in Resources */,
				57A5E6F52BA1177600921818 /* LaserLoading.json in Resources */,
				57ECBC7C2B9C1AE70007E234 /* Preview Assets.xcassets in Resources */,
				57ECBCBD2B9C2D340007E234 /* GingerHunt.json in Resources */,
				579DB08C2BB8E12700410D02 /* BluetoothLoading.json in Resources */,
				57ECBCCC2B9C36880007E234 /* Quicksand[wght].ttf in Resources */,
				57ECBC792B9C1AE70007E234 /* Assets.xcassets in Resources */,
			);
			runOnlyForDeploymentPostprocessing = 0;
		};
/* End PBXResourcesBuildPhase section */

/* Begin PBXSourcesBuildPhase section */
		57ECBC6D2B9C1AE60007E234 /* Sources */ = {
			isa = PBXSourcesBuildPhase;
			buildActionMask = 2147483647;
			files = (
				570F43002B9D61380047E4DA /* ActivityCard.swift in Sources */,
				57ECBCA42B9C238D0007E234 /* SettingsView.swift in Sources */,
				570F42FB2B9D4C470047E4DA /* NavigationState.swift in Sources */,
				57ECBCAF2B9C24A80007E234 /* WelcomeViewModel.swift in Sources */,
				5711CAED2BA8F7EB004C32A4 /* PatternDetailCover.swift in Sources */,
				57ECBC8B2B9C22A10007E234 /* SignUpView.swift in Sources */,
				57ECBC892B9C22970007E234 /* LoginView.swift in Sources */,
				57ECBC772B9C1AE60007E234 /* ContentView.swift in Sources */,
				57A00CC72BAA612D00402ABA /* TimerViewModel.swift in Sources */,
				573D65A42BA1568E0063CB6C /* TextfieldMods.swift in Sources */,
				57ECBC982B9C231A0007E234 /* PatternsListView.swift in Sources */,
				574529B52B9E214B0084EB53 /* RootView.swift in Sources */,
				570F43052B9D63D90047E4DA /* PatternCard.swift in Sources */,
				570F43072B9D643A0047E4DA /* LaserPattern.swift in Sources */,
				579DB08E2BB92BF800410D02 /* BluetoothCard.swift in Sources */,
				57ECBCB12B9C24C80007E234 /* TabBarView.swift in Sources */,
				57ECBCAD2B9C249C0007E234 /* WelcomeView.swift in Sources */,
				57ECBC9D2B9C23540007E234 /* ProfileView.swift in Sources */,
				570F42FE2B9D58A50047E4DA /* ProfileCard.swift in Sources */,
				57ECBC8D2B9C22B50007E234 /* LoginViewModel.swift in Sources */,
				57ECBC952B9C22EB0007E234 /* DashboardView.swift in Sources */,
				57ECBCBC2B9C2D340007E234 /* Constants.swift in Sources */,
				57B8715F2BA2B27200E7F92D /* OnboardingViewModel.swift in Sources */,
				57ECBCA82B9C24360007E234 /* AppUser.swift in Sources */,
				570F430E2B9D6B0F0047E4DA /* FavoritesCarousel.swift in Sources */,
				579DB08A2BB8C97B00410D02 /* BluetoothViewModel.swift in Sources */,
				57ECBCCE2B9C4D750007E234 /* ForgotPasswordView.swift in Sources */,
				575A363C2BAFC22F009E2EDB /* DailyQuotaManager.swift in Sources */,
				57ECBCC62B9C34F10007E234 /* GlowModifier.swift in Sources */,
				57A0E0AF2BA0CCE800C8E29C /* PatternsManager.swift in Sources */,
				575552922B9ECB6000C36DF7 /* OnboardingView.swift in Sources */,
				573D65A22BA154960063CB6C /* ButtonMods.swift in Sources */,
				57ECBC8F2B9C22BF0007E234 /* SignUpViewModel.swift in Sources */,
				573CCDF42BA6ABFF0047A980 /* UserCatsViewModel.swift in Sources */,
				57ECBC9A2B9C23280007E234 /* PatternsListViewModel.swift in Sources */,
				57ECBC752B9C1AE60007E234 /* SD_App_V4App.swift in Sources */,
				570F43032B9D62D20047E4DA /* KittyShape.swift in Sources */,
				57ECBCB42B9C2BA70007E234 /* LottiePlusView.swift in Sources */,
				57ECBCAA2B9C243C0007E234 /* Cat.swift in Sources */,
				57ECBC9F2B9C23670007E234 /* ProfileViewModel.swift in Sources */,
				5755528E2B9EC4F200C36DF7 /* AuthViewModel.swift in Sources */,
				570F43092B9D681A0047E4DA /* ColorButton.swift in Sources */,
				574A812E2BB4847700F2F805 /* SplashScreen.swift in Sources */,
				57ECBC932B9C22E20007E234 /* DashboardViewModel.swift in Sources */,
				573CCDF22BA69C6A0047A980 /* FirestoreManager.swift in Sources */,
				57B8CD3B2B9FEF01007391A1 /* UserViewModel.swift in Sources */,
				573CCDF02BA68FCF0047A980 /* SessionManager.swift in Sources */,
				57ECBCA22B9C23820007E234 /* SettingsViewModel.swift in Sources */,
			);
			runOnlyForDeploymentPostprocessing = 0;
		};
/* End PBXSourcesBuildPhase section */

/* Begin XCBuildConfiguration section */
		57ECBC7D2B9C1AE70007E234 /* Debug */ = {
			isa = XCBuildConfiguration;
			buildSettings = {
				ALWAYS_SEARCH_USER_PATHS = NO;
				ASSETCATALOG_COMPILER_GENERATE_SWIFT_ASSET_SYMBOL_EXTENSIONS = YES;
				CLANG_ANALYZER_NONNULL = YES;
				CLANG_ANALYZER_NUMBER_OBJECT_CONVERSION = YES_AGGRESSIVE;
				CLANG_CXX_LANGUAGE_STANDARD = "gnu++20";
				CLANG_ENABLE_MODULES = YES;
				CLANG_ENABLE_OBJC_ARC = YES;
				CLANG_ENABLE_OBJC_WEAK = YES;
				CLANG_WARN_BLOCK_CAPTURE_AUTORELEASING = YES;
				CLANG_WARN_BOOL_CONVERSION = YES;
				CLANG_WARN_COMMA = YES;
				CLANG_WARN_CONSTANT_CONVERSION = YES;
				CLANG_WARN_DEPRECATED_OBJC_IMPLEMENTATIONS = YES;
				CLANG_WARN_DIRECT_OBJC_ISA_USAGE = YES_ERROR;
				CLANG_WARN_DOCUMENTATION_COMMENTS = YES;
				CLANG_WARN_EMPTY_BODY = YES;
				CLANG_WARN_ENUM_CONVERSION = YES;
				CLANG_WARN_INFINITE_RECURSION = YES;
				CLANG_WARN_INT_CONVERSION = YES;
				CLANG_WARN_NON_LITERAL_NULL_CONVERSION = YES;
				CLANG_WARN_OBJC_IMPLICIT_RETAIN_SELF = YES;
				CLANG_WARN_OBJC_LITERAL_CONVERSION = YES;
				CLANG_WARN_OBJC_ROOT_CLASS = YES_ERROR;
				CLANG_WARN_QUOTED_INCLUDE_IN_FRAMEWORK_HEADER = YES;
				CLANG_WARN_RANGE_LOOP_ANALYSIS = YES;
				CLANG_WARN_STRICT_PROTOTYPES = YES;
				CLANG_WARN_SUSPICIOUS_MOVE = YES;
				CLANG_WARN_UNGUARDED_AVAILABILITY = YES_AGGRESSIVE;
				CLANG_WARN_UNREACHABLE_CODE = YES;
				CLANG_WARN__DUPLICATE_METHOD_MATCH = YES;
				COPY_PHASE_STRIP = NO;
				DEBUG_INFORMATION_FORMAT = dwarf;
				ENABLE_STRICT_OBJC_MSGSEND = YES;
				ENABLE_TESTABILITY = YES;
				ENABLE_USER_SCRIPT_SANDBOXING = YES;
				GCC_C_LANGUAGE_STANDARD = gnu17;
				GCC_DYNAMIC_NO_PIC = NO;
				GCC_NO_COMMON_BLOCKS = YES;
				GCC_OPTIMIZATION_LEVEL = 0;
				GCC_PREPROCESSOR_DEFINITIONS = (
					"DEBUG=1",
					"$(inherited)",
				);
				GCC_WARN_64_TO_32_BIT_CONVERSION = YES;
				GCC_WARN_ABOUT_RETURN_TYPE = YES_ERROR;
				GCC_WARN_UNDECLARED_SELECTOR = YES;
				GCC_WARN_UNINITIALIZED_AUTOS = YES_AGGRESSIVE;
				GCC_WARN_UNUSED_FUNCTION = YES;
				GCC_WARN_UNUSED_VARIABLE = YES;
				IPHONEOS_DEPLOYMENT_TARGET = 17.4;
				LOCALIZATION_PREFERS_STRING_CATALOGS = YES;
				MTL_ENABLE_DEBUG_INFO = INCLUDE_SOURCE;
				MTL_FAST_MATH = YES;
				ONLY_ACTIVE_ARCH = YES;
				SDKROOT = iphoneos;
				SWIFT_ACTIVE_COMPILATION_CONDITIONS = "DEBUG $(inherited)";
				SWIFT_OPTIMIZATION_LEVEL = "-Onone";
			};
			name = Debug;
		};
		57ECBC7E2B9C1AE70007E234 /* Release */ = {
			isa = XCBuildConfiguration;
			buildSettings = {
				ALWAYS_SEARCH_USER_PATHS = NO;
				ASSETCATALOG_COMPILER_GENERATE_SWIFT_ASSET_SYMBOL_EXTENSIONS = YES;
				CLANG_ANALYZER_NONNULL = YES;
				CLANG_ANALYZER_NUMBER_OBJECT_CONVERSION = YES_AGGRESSIVE;
				CLANG_CXX_LANGUAGE_STANDARD = "gnu++20";
				CLANG_ENABLE_MODULES = YES;
				CLANG_ENABLE_OBJC_ARC = YES;
				CLANG_ENABLE_OBJC_WEAK = YES;
				CLANG_WARN_BLOCK_CAPTURE_AUTORELEASING = YES;
				CLANG_WARN_BOOL_CONVERSION = YES;
				CLANG_WARN_COMMA = YES;
				CLANG_WARN_CONSTANT_CONVERSION = YES;
				CLANG_WARN_DEPRECATED_OBJC_IMPLEMENTATIONS = YES;
				CLANG_WARN_DIRECT_OBJC_ISA_USAGE = YES_ERROR;
				CLANG_WARN_DOCUMENTATION_COMMENTS = YES;
				CLANG_WARN_EMPTY_BODY = YES;
				CLANG_WARN_ENUM_CONVERSION = YES;
				CLANG_WARN_INFINITE_RECURSION = YES;
				CLANG_WARN_INT_CONVERSION = YES;
				CLANG_WARN_NON_LITERAL_NULL_CONVERSION = YES;
				CLANG_WARN_OBJC_IMPLICIT_RETAIN_SELF = YES;
				CLANG_WARN_OBJC_LITERAL_CONVERSION = YES;
				CLANG_WARN_OBJC_ROOT_CLASS = YES_ERROR;
				CLANG_WARN_QUOTED_INCLUDE_IN_FRAMEWORK_HEADER = YES;
				CLANG_WARN_RANGE_LOOP_ANALYSIS = YES;
				CLANG_WARN_STRICT_PROTOTYPES = YES;
				CLANG_WARN_SUSPICIOUS_MOVE = YES;
				CLANG_WARN_UNGUARDED_AVAILABILITY = YES_AGGRESSIVE;
				CLANG_WARN_UNREACHABLE_CODE = YES;
				CLANG_WARN__DUPLICATE_METHOD_MATCH = YES;
				COPY_PHASE_STRIP = NO;
				DEBUG_INFORMATION_FORMAT = "dwarf-with-dsym";
				ENABLE_NS_ASSERTIONS = NO;
				ENABLE_STRICT_OBJC_MSGSEND = YES;
				ENABLE_USER_SCRIPT_SANDBOXING = YES;
				GCC_C_LANGUAGE_STANDARD = gnu17;
				GCC_NO_COMMON_BLOCKS = YES;
				GCC_WARN_64_TO_32_BIT_CONVERSION = YES;
				GCC_WARN_ABOUT_RETURN_TYPE = YES_ERROR;
				GCC_WARN_UNDECLARED_SELECTOR = YES;
				GCC_WARN_UNINITIALIZED_AUTOS = YES_AGGRESSIVE;
				GCC_WARN_UNUSED_FUNCTION = YES;
				GCC_WARN_UNUSED_VARIABLE = YES;
				IPHONEOS_DEPLOYMENT_TARGET = 17.4;
				LOCALIZATION_PREFERS_STRING_CATALOGS = YES;
				MTL_ENABLE_DEBUG_INFO = NO;
				MTL_FAST_MATH = YES;
				SDKROOT = iphoneos;
				SWIFT_COMPILATION_MODE = wholemodule;
				VALIDATE_PRODUCT = YES;
			};
			name = Release;
		};
		57ECBC802B9C1AE70007E234 /* Debug */ = {
			isa = XCBuildConfiguration;
			buildSettings = {
				ASSETCATALOG_COMPILER_APPICON_NAME = AppIcon;
				ASSETCATALOG_COMPILER_GLOBAL_ACCENT_COLOR_NAME = AccentColor;
				CODE_SIGN_STYLE = Automatic;
				CURRENT_PROJECT_VERSION = 1;
				DEVELOPMENT_ASSET_PATHS = "\"SD App V4/Preview Content\"";
				DEVELOPMENT_TEAM = X9PHZXT6J7;
				ENABLE_PREVIEWS = YES;
				GENERATE_INFOPLIST_FILE = YES;
				INFOPLIST_FILE = "SD-App-V4-Info.plist";
				INFOPLIST_KEY_NSBluetoothAlwaysUsageDescription = "always allow bt";
				INFOPLIST_KEY_UIApplicationSceneManifest_Generation = YES;
				INFOPLIST_KEY_UIApplicationSupportsIndirectInputEvents = YES;
				INFOPLIST_KEY_UILaunchScreen_Generation = YES;
				INFOPLIST_KEY_UILaunchStoryboardName = LaunchScreen.storyboard;
				INFOPLIST_KEY_UIStatusBarStyle = "";
				INFOPLIST_KEY_UISupportedInterfaceOrientations_iPad = "UIInterfaceOrientationPortrait UIInterfaceOrientationPortraitUpsideDown UIInterfaceOrientationLandscapeLeft UIInterfaceOrientationLandscapeRight";
				INFOPLIST_KEY_UISupportedInterfaceOrientations_iPhone = "UIInterfaceOrientationPortrait UIInterfaceOrientationLandscapeLeft UIInterfaceOrientationLandscapeRight";
				IPHONEOS_DEPLOYMENT_TARGET = 17.0;
				LD_RUNPATH_SEARCH_PATHS = (
					"$(inherited)",
					"@executable_path/Frameworks",
				);
				MARKETING_VERSION = 1.0;
				PRODUCT_BUNDLE_IDENTIFIER = "dev.xaria.SD-App-V4";
				PRODUCT_NAME = "$(TARGET_NAME)";
				SWIFT_EMIT_LOC_STRINGS = YES;
				SWIFT_VERSION = 5.0;
				TARGETED_DEVICE_FAMILY = "1,2";
			};
			name = Debug;
		};
		57ECBC812B9C1AE70007E234 /* Release */ = {
			isa = XCBuildConfiguration;
			buildSettings = {
				ASSETCATALOG_COMPILER_APPICON_NAME = AppIcon;
				ASSETCATALOG_COMPILER_GLOBAL_ACCENT_COLOR_NAME = AccentColor;
				CODE_SIGN_STYLE = Automatic;
				CURRENT_PROJECT_VERSION = 1;
				DEVELOPMENT_ASSET_PATHS = "\"SD App V4/Preview Content\"";
				DEVELOPMENT_TEAM = X9PHZXT6J7;
				ENABLE_PREVIEWS = YES;
				GENERATE_INFOPLIST_FILE = YES;
				INFOPLIST_FILE = "SD-App-V4-Info.plist";
				INFOPLIST_KEY_NSBluetoothAlwaysUsageDescription = "always allow bt";
				INFOPLIST_KEY_UIApplicationSceneManifest_Generation = YES;
				INFOPLIST_KEY_UIApplicationSupportsIndirectInputEvents = YES;
				INFOPLIST_KEY_UILaunchScreen_Generation = YES;
				INFOPLIST_KEY_UILaunchStoryboardName = LaunchScreen.storyboard;
				INFOPLIST_KEY_UIStatusBarStyle = "";
				INFOPLIST_KEY_UISupportedInterfaceOrientations_iPad = "UIInterfaceOrientationPortrait UIInterfaceOrientationPortraitUpsideDown UIInterfaceOrientationLandscapeLeft UIInterfaceOrientationLandscapeRight";
				INFOPLIST_KEY_UISupportedInterfaceOrientations_iPhone = "UIInterfaceOrientationPortrait UIInterfaceOrientationLandscapeLeft UIInterfaceOrientationLandscapeRight";
				IPHONEOS_DEPLOYMENT_TARGET = 17.0;
				LD_RUNPATH_SEARCH_PATHS = (
					"$(inherited)",
					"@executable_path/Frameworks",
				);
				MARKETING_VERSION = 1.0;
				PRODUCT_BUNDLE_IDENTIFIER = "dev.xaria.SD-App-V4";
				PRODUCT_NAME = "$(TARGET_NAME)";
				SWIFT_EMIT_LOC_STRINGS = YES;
				SWIFT_VERSION = 5.0;
				TARGETED_DEVICE_FAMILY = "1,2";
			};
			name = Release;
		};
/* End XCBuildConfiguration section */

/* Begin XCConfigurationList section */
		57ECBC6C2B9C1AE60007E234 /* Build configuration list for PBXProject "SD App V4" */ = {
			isa = XCConfigurationList;
			buildConfigurations = (
				57ECBC7D2B9C1AE70007E234 /* Debug */,
				57ECBC7E2B9C1AE70007E234 /* Release */,
			);
			defaultConfigurationIsVisible = 0;
			defaultConfigurationName = Release;
		};
		57ECBC7F2B9C1AE70007E234 /* Build configuration list for PBXNativeTarget "SD App V4" */ = {
			isa = XCConfigurationList;
			buildConfigurations = (
				57ECBC802B9C1AE70007E234 /* Debug */,
				57ECBC812B9C1AE70007E234 /* Release */,
			);
			defaultConfigurationIsVisible = 0;
			defaultConfigurationName = Release;
		};
/* End XCConfigurationList section */

/* Begin XCRemoteSwiftPackageReference section */
		570F431C2B9D88E10047E4DA /* XCRemoteSwiftPackageReference "AnimatedTabBar" */ = {
			isa = XCRemoteSwiftPackageReference;
			repositoryURL = "https://github.com/xariadavis/AnimatedTabBar.git";
			requirement = {
				branch = main;
				kind = branch;
			};
		};
		5711CAE22BA8F37E004C32A4 /* XCRemoteSwiftPackageReference "MinimizableView" */ = {
			isa = XCRemoteSwiftPackageReference;
			repositoryURL = "https://github.com/DominikButz/MinimizableView.git";
			requirement = {
				kind = upToNextMajorVersion;
				minimumVersion = 2.4.1;
			};
		};
		5711CB192BA926D3004C32A4 /* XCRemoteSwiftPackageReference "PopupView" */ = {
			isa = XCRemoteSwiftPackageReference;
			repositoryURL = "https://github.com/exyte/PopupView.git";
			requirement = {
				kind = upToNextMajorVersion;
				minimumVersion = 2.9.1;
			};
		};
		574529BA2B9E46260084EB53 /* XCRemoteSwiftPackageReference "sdk-for-apple" */ = {
			isa = XCRemoteSwiftPackageReference;
			repositoryURL = "https://github.com/appwrite/sdk-for-apple";
			requirement = {
				kind = upToNextMajorVersion;
				minimumVersion = 5.0.0;
			};
		};
		575552862B9EB9B000C36DF7 /* XCRemoteSwiftPackageReference "firebase-ios-sdk" */ = {
			isa = XCRemoteSwiftPackageReference;
			repositoryURL = "https://github.com/firebase/firebase-ios-sdk";
			requirement = {
				kind = upToNextMajorVersion;
				minimumVersion = 10.22.1;
			};
		};
		57A0E0B02BA0D76300C8E29C /* XCRemoteSwiftPackageReference "Kingfisher" */ = {
			isa = XCRemoteSwiftPackageReference;
			repositoryURL = "https://github.com/onevcat/Kingfisher.git";
			requirement = {
				kind = upToNextMajorVersion;
				minimumVersion = 7.11.0;
			};
		};
		57ECBCB52B9C2C340007E234 /* XCRemoteSwiftPackageReference "lottie-spm" */ = {
			isa = XCRemoteSwiftPackageReference;
			repositoryURL = "https://github.com/airbnb/lottie-spm.git";
			requirement = {
				kind = upToNextMajorVersion;
				minimumVersion = 4.4.1;
			};
		};
/* End XCRemoteSwiftPackageReference section */

/* Begin XCSwiftPackageProductDependency section */
		570F43122B9D87E50047E4DA /* AnimatedTabBar */ = {
			isa = XCSwiftPackageProductDependency;
			productName = AnimatedTabBar;
		};
		570F43162B9D88540047E4DA /* AnimatedTabBar */ = {
			isa = XCSwiftPackageProductDependency;
			productName = AnimatedTabBar;
		};
		570F431A2B9D88A80047E4DA /* AnimatedTabBar */ = {
			isa = XCSwiftPackageProductDependency;
			productName = AnimatedTabBar;
		};
		570F431D2B9D88E10047E4DA /* AnimatedTabBar */ = {
			isa = XCSwiftPackageProductDependency;
			package = 570F431C2B9D88E10047E4DA /* XCRemoteSwiftPackageReference "AnimatedTabBar" */;
			productName = AnimatedTabBar;
		};
		5711CAE32BA8F37E004C32A4 /* MinimizableView */ = {
			isa = XCSwiftPackageProductDependency;
			package = 5711CAE22BA8F37E004C32A4 /* XCRemoteSwiftPackageReference "MinimizableView" */;
			productName = MinimizableView;
		};
		5711CB1A2BA926D3004C32A4 /* PopupView */ = {
			isa = XCSwiftPackageProductDependency;
			package = 5711CB192BA926D3004C32A4 /* XCRemoteSwiftPackageReference "PopupView" */;
			productName = PopupView;
		};
		5755528B2B9EBF6700C36DF7 /* FirebaseAuth */ = {
			isa = XCSwiftPackageProductDependency;
			package = 575552862B9EB9B000C36DF7 /* XCRemoteSwiftPackageReference "firebase-ios-sdk" */;
			productName = FirebaseAuth;
		};
		57A0E0A92BA0B8E800C8E29C /* FirebaseStorage */ = {
			isa = XCSwiftPackageProductDependency;
			package = 575552862B9EB9B000C36DF7 /* XCRemoteSwiftPackageReference "firebase-ios-sdk" */;
			productName = FirebaseStorage;
		};
		57A0E0B12BA0D76300C8E29C /* Kingfisher */ = {
			isa = XCSwiftPackageProductDependency;
			package = 57A0E0B02BA0D76300C8E29C /* XCRemoteSwiftPackageReference "Kingfisher" */;
			productName = Kingfisher;
		};
		57B8CD352B9FBFD2007391A1 /* FirebaseFirestore */ = {
			isa = XCSwiftPackageProductDependency;
			package = 575552862B9EB9B000C36DF7 /* XCRemoteSwiftPackageReference "firebase-ios-sdk" */;
			productName = FirebaseFirestore;
		};
		57B8CD372B9FBFD2007391A1 /* FirebaseFirestoreSwift */ = {
			isa = XCSwiftPackageProductDependency;
			package = 575552862B9EB9B000C36DF7 /* XCRemoteSwiftPackageReference "firebase-ios-sdk" */;
			productName = FirebaseFirestoreSwift;
		};
		57ECBCB62B9C2C340007E234 /* Lottie */ = {
			isa = XCSwiftPackageProductDependency;
			package = 57ECBCB52B9C2C340007E234 /* XCRemoteSwiftPackageReference "lottie-spm" */;
			productName = Lottie;
		};
/* End XCSwiftPackageProductDependency section */
	};
	rootObject = 57ECBC692B9C1AE60007E234 /* Project object */;
}
