{
  "pins" : [
    {
      "identity" : "animatedtabbar",
      "kind" : "remoteSourceControl",
      "location" : "https://github.com/xariadavis/AnimatedTabBar.git",
      "state" : {
        "branch" : "main",
        "revision" : "dfe471f9dbfe98749371c4650e500223a247cf01"
      }
    },
    {
      "identity" : "kdcircularprogress",
      "kind" : "remoteSourceControl",
      "location" : "https://github.com/kaandedeoglu/KDCircularProgress.git",
      "state" : {
        "revision" : "a0f30e0605b7ac91ac1b243efd9914b3fd592ad3",
        "version" : "1.5.4"
      }
    },
    {
      "identity" : "lottie-spm",
      "kind" : "remoteSourceControl",
      "location" : "https://github.com/airbnb/lottie-spm.git",
      "state" : {
        "revision" : "26d84192430ed5b104d64b8086872bb4979d65a4",
        "version" : "4.4.0"
      }
    },
    {
      "identity" : "neumorphic",
      "kind" : "remoteSourceControl",
      "location" : "https://github.com/costachung/neumorphic/",
      "state" : {
        "branch" : "master",
        "revision" : "03c6f7b3d27bfb28a082db2e9ffae45fbc69cb8b"
      }
    },
    {
      "identity" : "pzcircularcontrol",
      "kind" : "remoteSourceControl",
      "location" : "https://github.com/philptr/PZCircularControl.git",
      "state" : {
        "revision" : "1ccbec964d1589d7662065112353ede98078fc82",
        "version" : "0.1.2"
      }
    },
    {
      "identity" : "scalingheaderscrollview",
      "kind" : "remoteSourceControl",
      "location" : "https://github.com/exyte/ScalingHeaderScrollView.git",
      "state" : {
        "revision" : "a3d0454aeebaf70362806599d8287db21724e349",
        "version" : "1.1.0"
      }
    },
    {
      "identity" : "swiftui-introspect",
      "kind" : "remoteSourceControl",
      "location" : "https://github.com/siteline/swiftui-introspect",
      "state" : {
        "revision" : "18e965f867e37a558ad13c12d330dbe047099180",
        "version" : "1.1.2"
      }
    }
  ],
  "version" : 2
}
