{
  "originHash" : "871fc2ecba3eee4426a5b3d84b0facdcd85ae6bd0ed7f281fb54abb6c594091c",
  "pins" : [
    {
      "identity" : "animatedtabbar",
      "kind" : "remoteSourceControl",
      "location" : "https://github.com/xariadavis/AnimatedTabBar.git",
      "state" : {
        "branch" : "main",
        "revision" : "dfe471f9dbfe98749371c4650e500223a247cf01"
      }
    },
    {
      "identity" : "lottie-spm",
      "kind" : "remoteSourceControl",
      "location" : "https://github.com/airbnb/lottie-spm.git",
      "state" : {
        "revision" : "3bd43e12d6fb54654366a61f7cfaca787318b8ce",
        "version" : "4.4.1"
      }
    }
  ],
  "version" : 3
}
