{
  "originHash" : "20497d9b0fa57cdadd5513e915d41b04cbec509268d6cc4f0a9c798b973927e8",
  "pins" : [
    {
      "identity" : "animatedtabbar",
      "kind" : "remoteSourceControl",
      "location" : "https://github.com/exyte/AnimatedTabBar.git",
      "state" : {
        "revision" : "f5f342227283e76c7b49371e735516bac3caef68",
        "version" : "0.1.2"
      }
    },
    {
      "identity" : "lottie-spm",
      "kind" : "remoteSourceControl",
      "location" : "https://github.com/airbnb/lottie-spm.git",
      "state" : {
        "revision" : "3bd43e12d6fb54654366a61f7cfaca787318b8ce",
        "version" : "4.4.1"
      }
    }
  ],
  "version" : 3
}
