// !$*UTF8*$!
{
	archiveVersion = 1;
	classes = {
	};
	objectVersion = 56;
	objects = {

/* Begin PBXBuildFile section */
		5704DDED2B7881C600253D4F /* ColorButton.swift in Sources */ = {isa = PBXBuildFile; fileRef = 5704DDEC2B7881C600253D4F /* ColorButton.swift */; };
		5704DDF02B788CC700253D4F /* AnimatedTabBar in Frameworks */ = {isa = PBXBuildFile; productRef = 5704DDEF2B788CC700253D4F /* AnimatedTabBar */; };
		5704DDF22B788DC800253D4F /* TabBar.swift in Sources */ = {isa = PBXBuildFile; fileRef = 5704DDF12B788DC800253D4F /* TabBar.swift */; };
		57106BE72B71A95600C03637 /* LaserPattern.swift in Sources */ = {isa = PBXBuildFile; fileRef = 57106BE62B71A95600C03637 /* LaserPattern.swift */; };
		57106BE92B71E6E000C03637 /* border.json in Resources */ = {isa = PBXBuildFile; fileRef = 57106BE82B71E6E000C03637 /* border.json */; };
		57106BF12B72063300C03637 /* GingerHunt_Dark.json in Resources */ = {isa = PBXBuildFile; fileRef = 57106BF02B72063300C03637 /* GingerHunt_Dark.json */; };
		571850A22B69B0030004747C /* TestView.swift in Sources */ = {isa = PBXBuildFile; fileRef = 571850A12B69B0030004747C /* TestView.swift */; };
		5719F10D2B7FFF440024514E /* KittyShape.swift in Sources */ = {isa = PBXBuildFile; fileRef = 5719F10C2B7FFF440024514E /* KittyShape.swift */; };
		571E11532B927C2600D6D1B4 /* GoogleService-Info.plist in Resources */ = {isa = PBXBuildFile; fileRef = 571E11522B927C2600D6D1B4 /* GoogleService-Info.plist */; };
		571E11562B927D0F00D6D1B4 /* FirebaseAnalytics in Frameworks */ = {isa = PBXBuildFile; productRef = 571E11552B927D0F00D6D1B4 /* FirebaseAnalytics */; };
		571E11582B927D0F00D6D1B4 /* FirebaseAnalyticsSwift in Frameworks */ = {isa = PBXBuildFile; productRef = 571E11572B927D0F00D6D1B4 /* FirebaseAnalyticsSwift */; };
		571E115A2B927D0F00D6D1B4 /* FirebaseAuth in Frameworks */ = {isa = PBXBuildFile; productRef = 571E11592B927D0F00D6D1B4 /* FirebaseAuth */; };
		571E115C2B927D0F00D6D1B4 /* FirebaseDatabase in Frameworks */ = {isa = PBXBuildFile; productRef = 571E115B2B927D0F00D6D1B4 /* FirebaseDatabase */; };
		571E115E2B927D0F00D6D1B4 /* FirebaseDatabaseSwift in Frameworks */ = {isa = PBXBuildFile; productRef = 571E115D2B927D0F00D6D1B4 /* FirebaseDatabaseSwift */; };
		571E11602B927D0F00D6D1B4 /* FirebaseFirestore in Frameworks */ = {isa = PBXBuildFile; productRef = 571E115F2B927D0F00D6D1B4 /* FirebaseFirestore */; };
		571E11622B927D0F00D6D1B4 /* FirebaseFirestoreSwift in Frameworks */ = {isa = PBXBuildFile; productRef = 571E11612B927D0F00D6D1B4 /* FirebaseFirestoreSwift */; };
		572E9D462B964CD6003869CD /* AuthDataResultModel.swift in Sources */ = {isa = PBXBuildFile; fileRef = 572E9D452B964CD6003869CD /* AuthDataResultModel.swift */; };
		572E9D482B964F49003869CD /* FirebaseAuthService.swift in Sources */ = {isa = PBXBuildFile; fileRef = 572E9D472B964F49003869CD /* FirebaseAuthService.swift */; };
		572E9D4A2B96C64D003869CD /* PubSync.swift in Sources */ = {isa = PBXBuildFile; fileRef = 572E9D492B96C64D003869CD /* PubSync.swift */; };
		572FE3AE2B698ADE00CB3E61 /* SD_App_V3App.swift in Sources */ = {isa = PBXBuildFile; fileRef = 572FE3AD2B698ADE00CB3E61 /* SD_App_V3App.swift */; };
		572FE3B02B698ADE00CB3E61 /* ContentView.swift in Sources */ = {isa = PBXBuildFile; fileRef = 572FE3AF2B698ADE00CB3E61 /* ContentView.swift */; };
		572FE3B22B698AE000CB3E61 /* Assets.xcassets in Resources */ = {isa = PBXBuildFile; fileRef = 572FE3B12B698AE000CB3E61 /* Assets.xcassets */; };
		572FE3B52B698AE000CB3E61 /* Preview Assets.xcassets in Resources */ = {isa = PBXBuildFile; fileRef = 572FE3B42B698AE000CB3E61 /* Preview Assets.xcassets */; };
		572FE3BD2B698E5D00CB3E61 /* RedLaserBlob.json in Resources */ = {isa = PBXBuildFile; fileRef = 572FE3BC2B698E5D00CB3E61 /* RedLaserBlob.json */; };
		572FE3BF2B698E8900CB3E61 /* LottiePlusView.swift in Sources */ = {isa = PBXBuildFile; fileRef = 572FE3BE2B698E8900CB3E61 /* LottiePlusView.swift */; };
		572FE3C22B698EBC00CB3E61 /* Lottie in Frameworks */ = {isa = PBXBuildFile; productRef = 572FE3C12B698EBC00CB3E61 /* Lottie */; };
		572FE3C72B698F6A00CB3E61 /* Constants.swift in Sources */ = {isa = PBXBuildFile; fileRef = 572FE3C62B698F6A00CB3E61 /* Constants.swift */; };
		572FE3C92B69914D00CB3E61 /* LoginView.swift in Sources */ = {isa = PBXBuildFile; fileRef = 572FE3C82B69914D00CB3E61 /* LoginView.swift */; };
		572FE3CB2B69915800CB3E61 /* RegisterView.swift in Sources */ = {isa = PBXBuildFile; fileRef = 572FE3CA2B69915800CB3E61 /* RegisterView.swift */; };
		572FE3CD2B6992AC00CB3E61 /* GlowingView.swift in Sources */ = {isa = PBXBuildFile; fileRef = 572FE3CC2B6992AC00CB3E61 /* GlowingView.swift */; };
		572FE3D12B6994F600CB3E61 /* LaserBubbles.json in Resources */ = {isa = PBXBuildFile; fileRef = 572FE3D02B6994F500CB3E61 /* LaserBubbles.json */; };
		572FE3D32B6995DB00CB3E61 /* GingerHunt.json in Resources */ = {isa = PBXBuildFile; fileRef = 572FE3D22B6995DB00CB3E61 /* GingerHunt.json */; };
		572FE3D72B69969000CB3E61 /* Quicksand[wght].ttf in Resources */ = {isa = PBXBuildFile; fileRef = 572FE3D52B69969000CB3E61 /* Quicksand[wght].ttf */; };
		572FE3D82B69969000CB3E61 /* TitanOne-Regular.ttf in Resources */ = {isa = PBXBuildFile; fileRef = 572FE3D62B69969000CB3E61 /* TitanOne-Regular.ttf */; };
		572FE3DB2B699BA100CB3E61 /* LaserDots2.json in Resources */ = {isa = PBXBuildFile; fileRef = 572FE3DA2B699BA100CB3E61 /* LaserDots2.json */; };
		572FE3DD2B699CE200CB3E61 /* test.json in Resources */ = {isa = PBXBuildFile; fileRef = 572FE3DC2B699CE200CB3E61 /* test.json */; };
		572FE3DF2B699DD400CB3E61 /* Test2.json in Resources */ = {isa = PBXBuildFile; fileRef = 572FE3DE2B699DD400CB3E61 /* Test2.json */; };
		572FF8302B6ABF8600190F52 /* MainPalette.swift in Sources */ = {isa = PBXBuildFile; fileRef = 572FF82F2B6ABF8500190F52 /* MainPalette.swift */; };
		572FF8322B6ADFF000190F52 /* ProfileView.swift in Sources */ = {isa = PBXBuildFile; fileRef = 572FF8312B6ADFF000190F52 /* ProfileView.swift */; };
		573A95BD2B7007AD00149372 /* ProfileCard.swift in Sources */ = {isa = PBXBuildFile; fileRef = 573A95BC2B7007AD00149372 /* ProfileCard.swift */; };
		573A95C02B70082100149372 /* Neumorphic in Frameworks */ = {isa = PBXBuildFile; productRef = 573A95BF2B70082100149372 /* Neumorphic */; };
		573A95C22B70107900149372 /* DashboardView.swift in Sources */ = {isa = PBXBuildFile; fileRef = 573A95C12B70107900149372 /* DashboardView.swift */; };
		573A95C42B7019D900149372 /* Pattern.swift in Sources */ = {isa = PBXBuildFile; fileRef = 573A95C32B7019D900149372 /* Pattern.swift */; };
		573A95C62B701A9D00149372 /* ActivityCard.swift in Sources */ = {isa = PBXBuildFile; fileRef = 573A95C52B701A9D00149372 /* ActivityCard.swift */; };
		573A95C82B701BB700149372 /* PatternCard.swift in Sources */ = {isa = PBXBuildFile; fileRef = 573A95C72B701BB700149372 /* PatternCard.swift */; };
		573A95CB2B701E9800149372 /* Kitty.swift in Sources */ = {isa = PBXBuildFile; fileRef = 573A95CA2B701E9800149372 /* Kitty.swift */; };
		574D7B582B98358A00903E9D /* UserManagerProtocol.swift in Sources */ = {isa = PBXBuildFile; fileRef = 574D7B572B98358A00903E9D /* UserManagerProtocol.swift */; };
		574D7B5A2B98359800903E9D /* UserManager.swift in Sources */ = {isa = PBXBuildFile; fileRef = 574D7B592B98359800903E9D /* UserManager.swift */; };
		574D7B5C2B9835CD00903E9D /* MOCK_INFO.swift in Sources */ = {isa = PBXBuildFile; fileRef = 574D7B5B2B9835CD00903E9D /* MOCK_INFO.swift */; };
		574DD6182B83208F003C39B2 /* FavoritesCarousel.swift in Sources */ = {isa = PBXBuildFile; fileRef = 574DD6172B83208F003C39B2 /* FavoritesCarousel.swift */; };
		575ED2E32B6C57CA00110CDC /* LaserStars.json in Resources */ = {isa = PBXBuildFile; fileRef = 575ED2E22B6C57CA00110CDC /* LaserStars.json */; };
		575F7B962B705F4A009082ED /* ScalingHeaderScrollView in Frameworks */ = {isa = PBXBuildFile; productRef = 575F7B952B705F4A009082ED /* ScalingHeaderScrollView */; };
		576056932B884EBF00FC6150 /* User.swift in Sources */ = {isa = PBXBuildFile; fileRef = 576056922B884EBF00FC6150 /* User.swift */; };
		576056952B88510700FC6150 /* Cat.swift in Sources */ = {isa = PBXBuildFile; fileRef = 576056942B88510700FC6150 /* Cat.swift */; };
		577AADD72B943BBC009589CF /* CatLogo.png in Resources */ = {isa = PBXBuildFile; fileRef = 577AADD62B943BBC009589CF /* CatLogo.png */; };
		579691682B7346A500FCA50F /* PZCircularControl in Frameworks */ = {isa = PBXBuildFile; productRef = 579691672B7346A500FCA50F /* PZCircularControl */; };
		57BB10DA2B7FD2280070DE63 /* KDCircularProgress in Frameworks */ = {isa = PBXBuildFile; productRef = 57BB10D92B7FD2280070DE63 /* KDCircularProgress */; };
		57CFDE312B92E698002AD48F /* ForgotPasswordView.swift in Sources */ = {isa = PBXBuildFile; fileRef = 57CFDE302B92E698002AD48F /* ForgotPasswordView.swift */; };
		57E462342B7AAC2E00F9D6A7 /* WelcomeView.swift in Sources */ = {isa = PBXBuildFile; fileRef = 57E462332B7AAC2E00F9D6A7 /* WelcomeView.swift */; };
		57E462362B7AB2B000F9D6A7 /* DeviceView.swift in Sources */ = {isa = PBXBuildFile; fileRef = 57E462352B7AB2B000F9D6A7 /* DeviceView.swift */; };
		57E462382B7AB2BF00F9D6A7 /* SettingsView.swift in Sources */ = {isa = PBXBuildFile; fileRef = 57E462372B7AB2BF00F9D6A7 /* SettingsView.swift */; };
		57E4623A2B7AB2CA00F9D6A7 /* PatternsView.swift in Sources */ = {isa = PBXBuildFile; fileRef = 57E462392B7AB2CA00F9D6A7 /* PatternsView.swift */; };
		57FC47022B928D9D00C2EC42 /* LaserDots.json in Resources */ = {isa = PBXBuildFile; fileRef = 57FC47012B928D9D00C2EC42 /* LaserDots.json */; };
		57FC47052B928E2500C2EC42 /* AuthenticationService.swift in Sources */ = {isa = PBXBuildFile; fileRef = 57FC47042B928E2500C2EC42 /* AuthenticationService.swift */; };
		57FC47072B92A15600C2EC42 /* AuthViewModel.swift in Sources */ = {isa = PBXBuildFile; fileRef = 57FC47062B92A15600C2EC42 /* AuthViewModel.swift */; };
		57FC47092B92AB9800C2EC42 /* RootView.swift in Sources */ = {isa = PBXBuildFile; fileRef = 57FC47082B92AB9800C2EC42 /* RootView.swift */; };
		57FFA0E02B70559200E8F92A /* WaltyKitten.png in Resources */ = {isa = PBXBuildFile; fileRef = 57FFA0DF2B70559200E8F92A /* WaltyKitten.png */; };
/* End PBXBuildFile section */

/* Begin PBXFileReference section */
		5704DDEC2B7881C600253D4F /* ColorButton.swift */ = {isa = PBXFileReference; lastKnownFileType = sourcecode.swift; path = ColorButton.swift; sourceTree = "<group>"; };
		5704DDF12B788DC800253D4F /* TabBar.swift */ = {isa = PBXFileReference; lastKnownFileType = sourcecode.swift; path = TabBar.swift; sourceTree = "<group>"; };
		57106BE62B71A95600C03637 /* LaserPattern.swift */ = {isa = PBXFileReference; lastKnownFileType = sourcecode.swift; path = LaserPattern.swift; sourceTree = "<group>"; };
		57106BE82B71E6E000C03637 /* border.json */ = {isa = PBXFileReference; fileEncoding = 4; lastKnownFileType = text.json; path = border.json; sourceTree = "<group>"; };
		57106BF02B72063300C03637 /* GingerHunt_Dark.json */ = {isa = PBXFileReference; fileEncoding = 4; lastKnownFileType = text.json; path = GingerHunt_Dark.json; sourceTree = "<group>"; };
		571850A12B69B0030004747C /* TestView.swift */ = {isa = PBXFileReference; lastKnownFileType = sourcecode.swift; path = TestView.swift; sourceTree = "<group>"; };
		5719F10C2B7FFF440024514E /* KittyShape.swift */ = {isa = PBXFileReference; lastKnownFileType = sourcecode.swift; path = KittyShape.swift; sourceTree = "<group>"; };
		571E11522B927C2600D6D1B4 /* GoogleService-Info.plist */ = {isa = PBXFileReference; fileEncoding = 4; lastKnownFileType = text.plist.xml; name = "GoogleService-Info.plist"; path = "../../../../../../../Downloads/GoogleService-Info.plist"; sourceTree = "<group>"; };
		572E9D452B964CD6003869CD /* AuthDataResultModel.swift */ = {isa = PBXFileReference; lastKnownFileType = sourcecode.swift; path = AuthDataResultModel.swift; sourceTree = "<group>"; };
		572E9D472B964F49003869CD /* FirebaseAuthService.swift */ = {isa = PBXFileReference; lastKnownFileType = sourcecode.swift; path = FirebaseAuthService.swift; sourceTree = "<group>"; };
		572E9D492B96C64D003869CD /* PubSync.swift */ = {isa = PBXFileReference; lastKnownFileType = sourcecode.swift; path = PubSync.swift; sourceTree = "<group>"; };
		572FE3AA2B698ADE00CB3E61 /* SD App V3.app */ = {isa = PBXFileReference; explicitFileType = wrapper.application; includeInIndex = 0; path = "SD App V3.app"; sourceTree = BUILT_PRODUCTS_DIR; };
		572FE3AD2B698ADE00CB3E61 /* SD_App_V3App.swift */ = {isa = PBXFileReference; lastKnownFileType = sourcecode.swift; path = SD_App_V3App.swift; sourceTree = "<group>"; };
		572FE3AF2B698ADE00CB3E61 /* ContentView.swift */ = {isa = PBXFileReference; lastKnownFileType = sourcecode.swift; path = ContentView.swift; sourceTree = "<group>"; };
		572FE3B12B698AE000CB3E61 /* Assets.xcassets */ = {isa = PBXFileReference; lastKnownFileType = folder.assetcatalog; path = Assets.xcassets; sourceTree = "<group>"; };
		572FE3B42B698AE000CB3E61 /* Preview Assets.xcassets */ = {isa = PBXFileReference; lastKnownFileType = folder.assetcatalog; path = "Preview Assets.xcassets"; sourceTree = "<group>"; };
		572FE3BC2B698E5D00CB3E61 /* RedLaserBlob.json */ = {isa = PBXFileReference; fileEncoding = 4; lastKnownFileType = text.json; path = RedLaserBlob.json; sourceTree = "<group>"; };
		572FE3BE2B698E8900CB3E61 /* LottiePlusView.swift */ = {isa = PBXFileReference; lastKnownFileType = sourcecode.swift; path = LottiePlusView.swift; sourceTree = "<group>"; };
		572FE3C62B698F6A00CB3E61 /* Constants.swift */ = {isa = PBXFileReference; lastKnownFileType = sourcecode.swift; path = Constants.swift; sourceTree = "<group>"; };
		572FE3C82B69914D00CB3E61 /* LoginView.swift */ = {isa = PBXFileReference; lastKnownFileType = sourcecode.swift; path = LoginView.swift; sourceTree = "<group>"; };
		572FE3CA2B69915800CB3E61 /* RegisterView.swift */ = {isa = PBXFileReference; lastKnownFileType = sourcecode.swift; path = RegisterView.swift; sourceTree = "<group>"; };
		572FE3CC2B6992AC00CB3E61 /* GlowingView.swift */ = {isa = PBXFileReference; lastKnownFileType = sourcecode.swift; path = GlowingView.swift; sourceTree = "<group>"; };
		572FE3D02B6994F500CB3E61 /* LaserBubbles.json */ = {isa = PBXFileReference; fileEncoding = 4; lastKnownFileType = text.json; path = LaserBubbles.json; sourceTree = "<group>"; };
		572FE3D22B6995DB00CB3E61 /* GingerHunt.json */ = {isa = PBXFileReference; fileEncoding = 4; lastKnownFileType = text.json; path = GingerHunt.json; sourceTree = "<group>"; };
		572FE3D52B69969000CB3E61 /* Quicksand[wght].ttf */ = {isa = PBXFileReference; lastKnownFileType = file; path = "Quicksand[wght].ttf"; sourceTree = "<group>"; };
		572FE3D62B69969000CB3E61 /* TitanOne-Regular.ttf */ = {isa = PBXFileReference; lastKnownFileType = file; path = "TitanOne-Regular.ttf"; sourceTree = "<group>"; };
		572FE3D92B6996AB00CB3E61 /* SD-App-V3-Info.plist */ = {isa = PBXFileReference; lastKnownFileType = text.plist; path = "SD-App-V3-Info.plist"; sourceTree = SOURCE_ROOT; };
		572FE3DA2B699BA100CB3E61 /* LaserDots2.json */ = {isa = PBXFileReference; fileEncoding = 4; lastKnownFileType = text.json; path = LaserDots2.json; sourceTree = "<group>"; };
		572FE3DC2B699CE200CB3E61 /* test.json */ = {isa = PBXFileReference; fileEncoding = 4; lastKnownFileType = text.json; path = test.json; sourceTree = "<group>"; };
		572FE3DE2B699DD400CB3E61 /* Test2.json */ = {isa = PBXFileReference; fileEncoding = 4; lastKnownFileType = text.json; path = Test2.json; sourceTree = "<group>"; };
		572FF82F2B6ABF8500190F52 /* MainPalette.swift */ = {isa = PBXFileReference; fileEncoding = 4; lastKnownFileType = sourcecode.swift; path = MainPalette.swift; sourceTree = "<group>"; };
		572FF8312B6ADFF000190F52 /* ProfileView.swift */ = {isa = PBXFileReference; lastKnownFileType = sourcecode.swift; path = ProfileView.swift; sourceTree = "<group>"; };
		573A95BC2B7007AD00149372 /* ProfileCard.swift */ = {isa = PBXFileReference; lastKnownFileType = sourcecode.swift; path = ProfileCard.swift; sourceTree = "<group>"; };
		573A95C12B70107900149372 /* DashboardView.swift */ = {isa = PBXFileReference; lastKnownFileType = sourcecode.swift; path = DashboardView.swift; sourceTree = "<group>"; };
		573A95C32B7019D900149372 /* Pattern.swift */ = {isa = PBXFileReference; lastKnownFileType = sourcecode.swift; path = Pattern.swift; sourceTree = "<group>"; };
		573A95C52B701A9D00149372 /* ActivityCard.swift */ = {isa = PBXFileReference; lastKnownFileType = sourcecode.swift; path = ActivityCard.swift; sourceTree = "<group>"; };
		573A95C72B701BB700149372 /* PatternCard.swift */ = {isa = PBXFileReference; lastKnownFileType = sourcecode.swift; path = PatternCard.swift; sourceTree = "<group>"; };
		573A95CA2B701E9800149372 /* Kitty.swift */ = {isa = PBXFileReference; lastKnownFileType = sourcecode.swift; path = Kitty.swift; sourceTree = "<group>"; };
		574D7B572B98358A00903E9D /* UserManagerProtocol.swift */ = {isa = PBXFileReference; lastKnownFileType = sourcecode.swift; path = UserManagerProtocol.swift; sourceTree = "<group>"; };
		574D7B592B98359800903E9D /* UserManager.swift */ = {isa = PBXFileReference; lastKnownFileType = sourcecode.swift; path = UserManager.swift; sourceTree = "<group>"; };
		574D7B5B2B9835CD00903E9D /* MOCK_INFO.swift */ = {isa = PBXFileReference; lastKnownFileType = sourcecode.swift; path = MOCK_INFO.swift; sourceTree = "<group>"; };
		574DD6172B83208F003C39B2 /* FavoritesCarousel.swift */ = {isa = PBXFileReference; lastKnownFileType = sourcecode.swift; path = FavoritesCarousel.swift; sourceTree = "<group>"; };
		575ED2E22B6C57CA00110CDC /* LaserStars.json */ = {isa = PBXFileReference; fileEncoding = 4; lastKnownFileType = text.json; path = LaserStars.json; sourceTree = "<group>"; };
		576056922B884EBF00FC6150 /* User.swift */ = {isa = PBXFileReference; lastKnownFileType = sourcecode.swift; path = User.swift; sourceTree = "<group>"; };
		576056942B88510700FC6150 /* Cat.swift */ = {isa = PBXFileReference; lastKnownFileType = sourcecode.swift; path = Cat.swift; sourceTree = "<group>"; };
		577AADD62B943BBC009589CF /* CatLogo.png */ = {isa = PBXFileReference; lastKnownFileType = image.png; name = CatLogo.png; path = ../../../../../../../../Desktop/CatLogo.png; sourceTree = "<group>"; };
		57CFDE302B92E698002AD48F /* ForgotPasswordView.swift */ = {isa = PBXFileReference; lastKnownFileType = sourcecode.swift; path = ForgotPasswordView.swift; sourceTree = "<group>"; };
		57E462332B7AAC2E00F9D6A7 /* WelcomeView.swift */ = {isa = PBXFileReference; lastKnownFileType = sourcecode.swift; path = WelcomeView.swift; sourceTree = "<group>"; };
		57E462352B7AB2B000F9D6A7 /* DeviceView.swift */ = {isa = PBXFileReference; lastKnownFileType = sourcecode.swift; path = DeviceView.swift; sourceTree = "<group>"; };
		57E462372B7AB2BF00F9D6A7 /* SettingsView.swift */ = {isa = PBXFileReference; lastKnownFileType = sourcecode.swift; path = SettingsView.swift; sourceTree = "<group>"; };
		57E462392B7AB2CA00F9D6A7 /* PatternsView.swift */ = {isa = PBXFileReference; lastKnownFileType = sourcecode.swift; path = PatternsView.swift; sourceTree = "<group>"; };
		57FC47012B928D9D00C2EC42 /* LaserDots.json */ = {isa = PBXFileReference; fileEncoding = 4; lastKnownFileType = text.json; name = LaserDots.json; path = ../../../../../../../../../Downloads/LaserDots.json; sourceTree = "<group>"; };
		57FC47042B928E2500C2EC42 /* AuthenticationService.swift */ = {isa = PBXFileReference; lastKnownFileType = sourcecode.swift; path = AuthenticationService.swift; sourceTree = "<group>"; };
		57FC47062B92A15600C2EC42 /* AuthViewModel.swift */ = {isa = PBXFileReference; lastKnownFileType = sourcecode.swift; path = AuthViewModel.swift; sourceTree = "<group>"; };
		57FC47082B92AB9800C2EC42 /* RootView.swift */ = {isa = PBXFileReference; lastKnownFileType = sourcecode.swift; path = RootView.swift; sourceTree = "<group>"; };
		57FFA0DF2B70559200E8F92A /* WaltyKitten.png */ = {isa = PBXFileReference; lastKnownFileType = image.png; path = WaltyKitten.png; sourceTree = "<group>"; };
/* End PBXFileReference section */

/* Begin PBXFrameworksBuildPhase section */
		572FE3A72B698ADE00CB3E61 /* Frameworks */ = {
			isa = PBXFrameworksBuildPhase;
			buildActionMask = 2147483647;
			files = (
				571E115C2B927D0F00D6D1B4 /* FirebaseDatabase in Frameworks */,
				571E11562B927D0F00D6D1B4 /* FirebaseAnalytics in Frameworks */,
				5704DDF02B788CC700253D4F /* AnimatedTabBar in Frameworks */,
				57BB10DA2B7FD2280070DE63 /* KDCircularProgress in Frameworks */,
				573A95C02B70082100149372 /* Neumorphic in Frameworks */,
				571E11602B927D0F00D6D1B4 /* FirebaseFirestore in Frameworks */,
				571E115A2B927D0F00D6D1B4 /* FirebaseAuth in Frameworks */,
				571E11622B927D0F00D6D1B4 /* FirebaseFirestoreSwift in Frameworks */,
				571E11582B927D0F00D6D1B4 /* FirebaseAnalyticsSwift in Frameworks */,
				579691682B7346A500FCA50F /* PZCircularControl in Frameworks */,
				571E115E2B927D0F00D6D1B4 /* FirebaseDatabaseSwift in Frameworks */,
				572FE3C22B698EBC00CB3E61 /* Lottie in Frameworks */,
				575F7B962B705F4A009082ED /* ScalingHeaderScrollView in Frameworks */,
			);
			runOnlyForDeploymentPostprocessing = 0;
		};
/* End PBXFrameworksBuildPhase section */

/* Begin PBXGroup section */
		57106BE52B71A94400C03637 /* UserStuff */ = {
			isa = PBXGroup;
			children = (
				57106BE62B71A95600C03637 /* LaserPattern.swift */,
				576056922B884EBF00FC6150 /* User.swift */,
				576056942B88510700FC6150 /* Cat.swift */,
				574D7B572B98358A00903E9D /* UserManagerProtocol.swift */,
				574D7B592B98359800903E9D /* UserManager.swift */,
				574D7B5B2B9835CD00903E9D /* MOCK_INFO.swift */,
			);
			path = UserStuff;
			sourceTree = "<group>";
		};
		5719F10B2B7FFF320024514E /* CustomShapes */ = {
			isa = PBXGroup;
			children = (
				5719F10C2B7FFF440024514E /* KittyShape.swift */,
			);
			path = CustomShapes;
			sourceTree = "<group>";
		};
		571E11512B927B6000D6D1B4 /* Appearance */ = {
			isa = PBXGroup;
			children = (
				572FF82E2B6ABF6B00190F52 /* Colors */,
				572FE3D42B69967B00CB3E61 /* Fonts */,
				572FE3BB2B698E5000CB3E61 /* Lottie */,
			);
			path = Appearance;
			sourceTree = "<group>";
		};
		572FE3A12B698ADE00CB3E61 = {
			isa = PBXGroup;
			children = (
				572FE3AC2B698ADE00CB3E61 /* SD App V3 */,
				572FE3AB2B698ADE00CB3E61 /* Products */,
			);
			sourceTree = "<group>";
		};
		572FE3AB2B698ADE00CB3E61 /* Products */ = {
			isa = PBXGroup;
			children = (
				572FE3AA2B698ADE00CB3E61 /* SD App V3.app */,
			);
			name = Products;
			sourceTree = "<group>";
		};
		572FE3AC2B698ADE00CB3E61 /* SD App V3 */ = {
			isa = PBXGroup;
			children = (
				572FE3AD2B698ADE00CB3E61 /* SD_App_V3App.swift */,
				571E11522B927C2600D6D1B4 /* GoogleService-Info.plist */,
				572FE3D92B6996AB00CB3E61 /* SD-App-V3-Info.plist */,
				57FC47032B928E1300C2EC42 /* Authentication */,
				571E11512B927B6000D6D1B4 /* Appearance */,
				57106BE52B71A94400C03637 /* UserStuff */,
				57FFA0DE2B70553500E8F92A /* Images */,
				573A95C92B701E6600149372 /* Views */,
				573A95BB2B7007A000149372 /* Components */,
				572FE3B32B698AE000CB3E61 /* Preview Content */,
				572FE3CC2B6992AC00CB3E61 /* GlowingView.swift */,
				571850A12B69B0030004747C /* TestView.swift */,
				573A95C32B7019D900149372 /* Pattern.swift */,
				573A95CA2B701E9800149372 /* Kitty.swift */,
				572FE3B12B698AE000CB3E61 /* Assets.xcassets */,
			);
			path = "SD App V3";
			sourceTree = "<group>";
		};
		572FE3B32B698AE000CB3E61 /* Preview Content */ = {
			isa = PBXGroup;
			children = (
				572FE3B42B698AE000CB3E61 /* Preview Assets.xcassets */,
			);
			path = "Preview Content";
			sourceTree = "<group>";
		};
		572FE3BB2B698E5000CB3E61 /* Lottie */ = {
			isa = PBXGroup;
			children = (
				57106BF02B72063300C03637 /* GingerHunt_Dark.json */,
				57FC47012B928D9D00C2EC42 /* LaserDots.json */,
				57106BE82B71E6E000C03637 /* border.json */,
				575ED2E22B6C57CA00110CDC /* LaserStars.json */,
				572FE3DE2B699DD400CB3E61 /* Test2.json */,
				572FE3DC2B699CE200CB3E61 /* test.json */,
				572FE3DA2B699BA100CB3E61 /* LaserDots2.json */,
				572FE3D22B6995DB00CB3E61 /* GingerHunt.json */,
				572FE3D02B6994F500CB3E61 /* LaserBubbles.json */,
				572FE3BC2B698E5D00CB3E61 /* RedLaserBlob.json */,
				572FE3BE2B698E8900CB3E61 /* LottiePlusView.swift */,
				572FE3C62B698F6A00CB3E61 /* Constants.swift */,
			);
			path = Lottie;
			sourceTree = "<group>";
		};
		572FE3D42B69967B00CB3E61 /* Fonts */ = {
			isa = PBXGroup;
			children = (
				572FE3D52B69969000CB3E61 /* Quicksand[wght].ttf */,
				572FE3D62B69969000CB3E61 /* TitanOne-Regular.ttf */,
			);
			path = Fonts;
			sourceTree = "<group>";
		};
		572FF82E2B6ABF6B00190F52 /* Colors */ = {
			isa = PBXGroup;
			children = (
				572FF82F2B6ABF8500190F52 /* MainPalette.swift */,
				5704DDEC2B7881C600253D4F /* ColorButton.swift */,
			);
			path = Colors;
			sourceTree = "<group>";
		};
		573A95BB2B7007A000149372 /* Components */ = {
			isa = PBXGroup;
			children = (
				5719F10B2B7FFF320024514E /* CustomShapes */,
				573A95BC2B7007AD00149372 /* ProfileCard.swift */,
				573A95C52B701A9D00149372 /* ActivityCard.swift */,
				573A95C72B701BB700149372 /* PatternCard.swift */,
				5704DDF12B788DC800253D4F /* TabBar.swift */,
				574DD6172B83208F003C39B2 /* FavoritesCarousel.swift */,
			);
			path = Components;
			sourceTree = "<group>";
		};
		573A95C92B701E6600149372 /* Views */ = {
			isa = PBXGroup;
			children = (
				57CFDE302B92E698002AD48F /* ForgotPasswordView.swift */,
				572FE3AF2B698ADE00CB3E61 /* ContentView.swift */,
				572FE3C82B69914D00CB3E61 /* LoginView.swift */,
				572FE3CA2B69915800CB3E61 /* RegisterView.swift */,
				572FF8312B6ADFF000190F52 /* ProfileView.swift */,
				573A95C12B70107900149372 /* DashboardView.swift */,
				57E462332B7AAC2E00F9D6A7 /* WelcomeView.swift */,
				57E462352B7AB2B000F9D6A7 /* DeviceView.swift */,
				57E462372B7AB2BF00F9D6A7 /* SettingsView.swift */,
				57E462392B7AB2CA00F9D6A7 /* PatternsView.swift */,
				57FC47082B92AB9800C2EC42 /* RootView.swift */,
			);
			path = Views;
			sourceTree = "<group>";
		};
		57FC47032B928E1300C2EC42 /* Authentication */ = {
			isa = PBXGroup;
			children = (
				57FC47042B928E2500C2EC42 /* AuthenticationService.swift */,
				57FC47062B92A15600C2EC42 /* AuthViewModel.swift */,
				572E9D452B964CD6003869CD /* AuthDataResultModel.swift */,
				572E9D472B964F49003869CD /* FirebaseAuthService.swift */,
				572E9D492B96C64D003869CD /* PubSync.swift */,
			);
			path = Authentication;
			sourceTree = "<group>";
		};
		57FFA0DE2B70553500E8F92A /* Images */ = {
			isa = PBXGroup;
			children = (
				577AADD62B943BBC009589CF /* CatLogo.png */,
				57FFA0DF2B70559200E8F92A /* WaltyKitten.png */,
			);
			path = Images;
			sourceTree = "<group>";
		};
/* End PBXGroup section */

/* Begin PBXNativeTarget section */
		572FE3A92B698ADE00CB3E61 /* SD App V3 */ = {
			isa = PBXNativeTarget;
			buildConfigurationList = 572FE3B82B698AE000CB3E61 /* Build configuration list for PBXNativeTarget "SD App V3" */;
			buildPhases = (
				572FE3A62B698ADE00CB3E61 /* Sources */,
				572FE3A72B698ADE00CB3E61 /* Frameworks */,
				572FE3A82B698ADE00CB3E61 /* Resources */,
			);
			buildRules = (
			);
			dependencies = (
			);
			name = "SD App V3";
			packageProductDependencies = (
				572FE3C12B698EBC00CB3E61 /* Lottie */,
				573A95BF2B70082100149372 /* Neumorphic */,
				575F7B952B705F4A009082ED /* ScalingHeaderScrollView */,
				579691672B7346A500FCA50F /* PZCircularControl */,
				5704DDEF2B788CC700253D4F /* AnimatedTabBar */,
				57BB10D92B7FD2280070DE63 /* KDCircularProgress */,
				571E11552B927D0F00D6D1B4 /* FirebaseAnalytics */,
				571E11572B927D0F00D6D1B4 /* FirebaseAnalyticsSwift */,
				571E11592B927D0F00D6D1B4 /* FirebaseAuth */,
				571E115B2B927D0F00D6D1B4 /* FirebaseDatabase */,
				571E115D2B927D0F00D6D1B4 /* FirebaseDatabaseSwift */,
				571E115F2B927D0F00D6D1B4 /* FirebaseFirestore */,
				571E11612B927D0F00D6D1B4 /* FirebaseFirestoreSwift */,
			);
			productName = "SD App V3";
			productReference = 572FE3AA2B698ADE00CB3E61 /* SD App V3.app */;
			productType = "com.apple.product-type.application";
		};
/* End PBXNativeTarget section */

/* Begin PBXProject section */
		572FE3A22B698ADE00CB3E61 /* Project object */ = {
			isa = PBXProject;
			attributes = {
				BuildIndependentTargetsInParallel = 1;
				LastSwiftUpdateCheck = 1430;
				LastUpgradeCheck = 1520;
				TargetAttributes = {
					572FE3A92B698ADE00CB3E61 = {
						CreatedOnToolsVersion = 14.3.1;
					};
				};
			};
			buildConfigurationList = 572FE3A52B698ADE00CB3E61 /* Build configuration list for PBXProject "SD App V3" */;
			compatibilityVersion = "Xcode 14.0";
			developmentRegion = en;
			hasScannedForEncodings = 0;
			knownRegions = (
				en,
				Base,
			);
			mainGroup = 572FE3A12B698ADE00CB3E61;
			packageReferences = (
				572FE3C02B698EBC00CB3E61 /* XCRemoteSwiftPackageReference "lottie-spm" */,
				573A95BE2B70082100149372 /* XCRemoteSwiftPackageReference "neumorphic" */,
				575F7B942B705F4A009082ED /* XCRemoteSwiftPackageReference "ScalingHeaderScrollView" */,
				579691662B7346A500FCA50F /* XCRemoteSwiftPackageReference "PZCircularControl" */,
				5704DDEE2B788CC700253D4F /* XCRemoteSwiftPackageReference "AnimatedTabBar" */,
				57BB10D82B7FD2280070DE63 /* XCRemoteSwiftPackageReference "KDCircularProgress" */,
				571E11542B927D0F00D6D1B4 /* XCRemoteSwiftPackageReference "firebase-ios-sdk" */,
			);
			productRefGroup = 572FE3AB2B698ADE00CB3E61 /* Products */;
			projectDirPath = "";
			projectRoot = "";
			targets = (
				572FE3A92B698ADE00CB3E61 /* SD App V3 */,
			);
		};
/* End PBXProject section */

/* Begin PBXResourcesBuildPhase section */
		572FE3A82B698ADE00CB3E61 /* Resources */ = {
			isa = PBXResourcesBuildPhase;
			buildActionMask = 2147483647;
			files = (
				572FE3BD2B698E5D00CB3E61 /* RedLaserBlob.json in Resources */,
				572FE3D82B69969000CB3E61 /* TitanOne-Regular.ttf in Resources */,
				577AADD72B943BBC009589CF /* CatLogo.png in Resources */,
				57106BE92B71E6E000C03637 /* border.json in Resources */,
				57FFA0E02B70559200E8F92A /* WaltyKitten.png in Resources */,
				572FE3DF2B699DD400CB3E61 /* Test2.json in Resources */,
				572FE3D32B6995DB00CB3E61 /* GingerHunt.json in Resources */,
				575ED2E32B6C57CA00110CDC /* LaserStars.json in Resources */,
				57FC47022B928D9D00C2EC42 /* LaserDots.json in Resources */,
				572FE3D72B69969000CB3E61 /* Quicksand[wght].ttf in Resources */,
				572FE3B52B698AE000CB3E61 /* Preview Assets.xcassets in Resources */,
				572FE3B22B698AE000CB3E61 /* Assets.xcassets in Resources */,
				572FE3D12B6994F600CB3E61 /* LaserBubbles.json in Resources */,
				572FE3DB2B699BA100CB3E61 /* LaserDots2.json in Resources */,
				57106BF12B72063300C03637 /* GingerHunt_Dark.json in Resources */,
				571E11532B927C2600D6D1B4 /* GoogleService-Info.plist in Resources */,
				572FE3DD2B699CE200CB3E61 /* test.json in Resources */,
			);
			runOnlyForDeploymentPostprocessing = 0;
		};
/* End PBXResourcesBuildPhase section */

/* Begin PBXSourcesBuildPhase section */
		572FE3A62B698ADE00CB3E61 /* Sources */ = {
			isa = PBXSourcesBuildPhase;
			buildActionMask = 2147483647;
			files = (
				57CFDE312B92E698002AD48F /* ForgotPasswordView.swift in Sources */,
				572FE3B02B698ADE00CB3E61 /* ContentView.swift in Sources */,
				57FC47052B928E2500C2EC42 /* AuthenticationService.swift in Sources */,
				573A95C22B70107900149372 /* DashboardView.swift in Sources */,
				574D7B582B98358A00903E9D /* UserManagerProtocol.swift in Sources */,
				572E9D482B964F49003869CD /* FirebaseAuthService.swift in Sources */,
				576056952B88510700FC6150 /* Cat.swift in Sources */,
				572FE3AE2B698ADE00CB3E61 /* SD_App_V3App.swift in Sources */,
				574DD6182B83208F003C39B2 /* FavoritesCarousel.swift in Sources */,
				5704DDED2B7881C600253D4F /* ColorButton.swift in Sources */,
				572FF8322B6ADFF000190F52 /* ProfileView.swift in Sources */,
				574D7B5C2B9835CD00903E9D /* MOCK_INFO.swift in Sources */,
				573A95C82B701BB700149372 /* PatternCard.swift in Sources */,
				572FE3BF2B698E8900CB3E61 /* LottiePlusView.swift in Sources */,
				576056932B884EBF00FC6150 /* User.swift in Sources */,
				572FF8302B6ABF8600190F52 /* MainPalette.swift in Sources */,
				572FE3CB2B69915800CB3E61 /* RegisterView.swift in Sources */,
				57E462342B7AAC2E00F9D6A7 /* WelcomeView.swift in Sources */,
				57FC47092B92AB9800C2EC42 /* RootView.swift in Sources */,
				574D7B5A2B98359800903E9D /* UserManager.swift in Sources */,
				572E9D462B964CD6003869CD /* AuthDataResultModel.swift in Sources */,
				572FE3C92B69914D00CB3E61 /* LoginView.swift in Sources */,
				571850A22B69B0030004747C /* TestView.swift in Sources */,
				57E4623A2B7AB2CA00F9D6A7 /* PatternsView.swift in Sources */,
				573A95C62B701A9D00149372 /* ActivityCard.swift in Sources */,
				57E462362B7AB2B000F9D6A7 /* DeviceView.swift in Sources */,
				57E462382B7AB2BF00F9D6A7 /* SettingsView.swift in Sources */,
				573A95CB2B701E9800149372 /* Kitty.swift in Sources */,
				57106BE72B71A95600C03637 /* LaserPattern.swift in Sources */,
				573A95C42B7019D900149372 /* Pattern.swift in Sources */,
				5719F10D2B7FFF440024514E /* KittyShape.swift in Sources */,
				57FC47072B92A15600C2EC42 /* AuthViewModel.swift in Sources */,
				572FE3C72B698F6A00CB3E61 /* Constants.swift in Sources */,
				572E9D4A2B96C64D003869CD /* PubSync.swift in Sources */,
				5704DDF22B788DC800253D4F /* TabBar.swift in Sources */,
				572FE3CD2B6992AC00CB3E61 /* GlowingView.swift in Sources */,
				573A95BD2B7007AD00149372 /* ProfileCard.swift in Sources */,
			);
			runOnlyForDeploymentPostprocessing = 0;
		};
/* End PBXSourcesBuildPhase section */

/* Begin XCBuildConfiguration section */
		572FE3B62B698AE000CB3E61 /* Debug */ = {
			isa = XCBuildConfiguration;
			buildSettings = {
				ALWAYS_SEARCH_USER_PATHS = NO;
				CLANG_ANALYZER_NONNULL = YES;
				CLANG_ANALYZER_NUMBER_OBJECT_CONVERSION = YES_AGGRESSIVE;
				CLANG_CXX_LANGUAGE_STANDARD = "gnu++20";
				CLANG_ENABLE_MODULES = YES;
				CLANG_ENABLE_OBJC_ARC = YES;
				CLANG_ENABLE_OBJC_WEAK = YES;
				CLANG_WARN_BLOCK_CAPTURE_AUTORELEASING = YES;
				CLANG_WARN_BOOL_CONVERSION = YES;
				CLANG_WARN_COMMA = YES;
				CLANG_WARN_CONSTANT_CONVERSION = YES;
				CLANG_WARN_DEPRECATED_OBJC_IMPLEMENTATIONS = YES;
				CLANG_WARN_DIRECT_OBJC_ISA_USAGE = YES_ERROR;
				CLANG_WARN_DOCUMENTATION_COMMENTS = YES;
				CLANG_WARN_EMPTY_BODY = YES;
				CLANG_WARN_ENUM_CONVERSION = YES;
				CLANG_WARN_INFINITE_RECURSION = YES;
				CLANG_WARN_INT_CONVERSION = YES;
				CLANG_WARN_NON_LITERAL_NULL_CONVERSION = YES;
				CLANG_WARN_OBJC_IMPLICIT_RETAIN_SELF = YES;
				CLANG_WARN_OBJC_LITERAL_CONVERSION = YES;
				CLANG_WARN_OBJC_ROOT_CLASS = YES_ERROR;
				CLANG_WARN_QUOTED_INCLUDE_IN_FRAMEWORK_HEADER = YES;
				CLANG_WARN_RANGE_LOOP_ANALYSIS = YES;
				CLANG_WARN_STRICT_PROTOTYPES = YES;
				CLANG_WARN_SUSPICIOUS_MOVE = YES;
				CLANG_WARN_UNGUARDED_AVAILABILITY = YES_AGGRESSIVE;
				CLANG_WARN_UNREACHABLE_CODE = YES;
				CLANG_WARN__DUPLICATE_METHOD_MATCH = YES;
				COPY_PHASE_STRIP = NO;
				DEBUG_INFORMATION_FORMAT = dwarf;
				ENABLE_STRICT_OBJC_MSGSEND = YES;
				ENABLE_TESTABILITY = YES;
				ENABLE_USER_SCRIPT_SANDBOXING = YES;
				GCC_C_LANGUAGE_STANDARD = gnu11;
				GCC_DYNAMIC_NO_PIC = NO;
				GCC_NO_COMMON_BLOCKS = YES;
				GCC_OPTIMIZATION_LEVEL = 0;
				GCC_PREPROCESSOR_DEFINITIONS = (
					"DEBUG=1",
					"$(inherited)",
				);
				GCC_WARN_64_TO_32_BIT_CONVERSION = YES;
				GCC_WARN_ABOUT_RETURN_TYPE = YES_ERROR;
				GCC_WARN_UNDECLARED_SELECTOR = YES;
				GCC_WARN_UNINITIALIZED_AUTOS = YES_AGGRESSIVE;
				GCC_WARN_UNUSED_FUNCTION = YES;
				GCC_WARN_UNUSED_VARIABLE = YES;
				IPHONEOS_DEPLOYMENT_TARGET = 16.1;
				MTL_ENABLE_DEBUG_INFO = INCLUDE_SOURCE;
				MTL_FAST_MATH = YES;
				ONLY_ACTIVE_ARCH = YES;
				SDKROOT = iphoneos;
				SWIFT_ACTIVE_COMPILATION_CONDITIONS = DEBUG;
				SWIFT_OPTIMIZATION_LEVEL = "-Onone";
			};
			name = Debug;
		};
		572FE3B72B698AE000CB3E61 /* Release */ = {
			isa = XCBuildConfiguration;
			buildSettings = {
				ALWAYS_SEARCH_USER_PATHS = NO;
				CLANG_ANALYZER_NONNULL = YES;
				CLANG_ANALYZER_NUMBER_OBJECT_CONVERSION = YES_AGGRESSIVE;
				CLANG_CXX_LANGUAGE_STANDARD = "gnu++20";
				CLANG_ENABLE_MODULES = YES;
				CLANG_ENABLE_OBJC_ARC = YES;
				CLANG_ENABLE_OBJC_WEAK = YES;
				CLANG_WARN_BLOCK_CAPTURE_AUTORELEASING = YES;
				CLANG_WARN_BOOL_CONVERSION = YES;
				CLANG_WARN_COMMA = YES;
				CLANG_WARN_CONSTANT_CONVERSION = YES;
				CLANG_WARN_DEPRECATED_OBJC_IMPLEMENTATIONS = YES;
				CLANG_WARN_DIRECT_OBJC_ISA_USAGE = YES_ERROR;
				CLANG_WARN_DOCUMENTATION_COMMENTS = YES;
				CLANG_WARN_EMPTY_BODY = YES;
				CLANG_WARN_ENUM_CONVERSION = YES;
				CLANG_WARN_INFINITE_RECURSION = YES;
				CLANG_WARN_INT_CONVERSION = YES;
				CLANG_WARN_NON_LITERAL_NULL_CONVERSION = YES;
				CLANG_WARN_OBJC_IMPLICIT_RETAIN_SELF = YES;
				CLANG_WARN_OBJC_LITERAL_CONVERSION = YES;
				CLANG_WARN_OBJC_ROOT_CLASS = YES_ERROR;
				CLANG_WARN_QUOTED_INCLUDE_IN_FRAMEWORK_HEADER = YES;
				CLANG_WARN_RANGE_LOOP_ANALYSIS = YES;
				CLANG_WARN_STRICT_PROTOTYPES = YES;
				CLANG_WARN_SUSPICIOUS_MOVE = YES;
				CLANG_WARN_UNGUARDED_AVAILABILITY = YES_AGGRESSIVE;
				CLANG_WARN_UNREACHABLE_CODE = YES;
				CLANG_WARN__DUPLICATE_METHOD_MATCH = YES;
				COPY_PHASE_STRIP = NO;
				DEBUG_INFORMATION_FORMAT = "dwarf-with-dsym";
				ENABLE_NS_ASSERTIONS = NO;
				ENABLE_STRICT_OBJC_MSGSEND = YES;
				ENABLE_USER_SCRIPT_SANDBOXING = YES;
				GCC_C_LANGUAGE_STANDARD = gnu11;
				GCC_NO_COMMON_BLOCKS = YES;
				GCC_WARN_64_TO_32_BIT_CONVERSION = YES;
				GCC_WARN_ABOUT_RETURN_TYPE = YES_ERROR;
				GCC_WARN_UNDECLARED_SELECTOR = YES;
				GCC_WARN_UNINITIALIZED_AUTOS = YES_AGGRESSIVE;
				GCC_WARN_UNUSED_FUNCTION = YES;
				GCC_WARN_UNUSED_VARIABLE = YES;
				IPHONEOS_DEPLOYMENT_TARGET = 16.1;
				MTL_ENABLE_DEBUG_INFO = NO;
				MTL_FAST_MATH = YES;
				SDKROOT = iphoneos;
				SWIFT_COMPILATION_MODE = wholemodule;
				SWIFT_OPTIMIZATION_LEVEL = "-O";
				VALIDATE_PRODUCT = YES;
			};
			name = Release;
		};
		572FE3B92B698AE000CB3E61 /* Debug */ = {
			isa = XCBuildConfiguration;
			buildSettings = {
				ASSETCATALOG_COMPILER_APPICON_NAME = AppIcon;
				ASSETCATALOG_COMPILER_GLOBAL_ACCENT_COLOR_NAME = AccentColor;
				CODE_SIGN_STYLE = Automatic;
				CURRENT_PROJECT_VERSION = 1;
				DEVELOPMENT_ASSET_PATHS = "\"SD App V3/Preview Content\"";
				DEVELOPMENT_TEAM = X9PHZXT6J7;
				ENABLE_PREVIEWS = YES;
				GENERATE_INFOPLIST_FILE = YES;
				INFOPLIST_FILE = "SD-App-V3-Info.plist";
				INFOPLIST_KEY_UIApplicationSceneManifest_Generation = YES;
				INFOPLIST_KEY_UIApplicationSupportsIndirectInputEvents = YES;
				INFOPLIST_KEY_UILaunchScreen_Generation = YES;
				INFOPLIST_KEY_UILaunchStoryboardName = "Launch Screen.storyboard";
				INFOPLIST_KEY_UISupportedInterfaceOrientations_iPad = "UIInterfaceOrientationPortrait UIInterfaceOrientationPortraitUpsideDown UIInterfaceOrientationLandscapeLeft UIInterfaceOrientationLandscapeRight";
				INFOPLIST_KEY_UISupportedInterfaceOrientations_iPhone = "UIInterfaceOrientationPortrait UIInterfaceOrientationLandscapeLeft UIInterfaceOrientationLandscapeRight";
				IPHONEOS_DEPLOYMENT_TARGET = 16.1;
				LD_RUNPATH_SEARCH_PATHS = (
					"$(inherited)",
					"@executable_path/Frameworks",
				);
				MARKETING_VERSION = 1.0;
				PRODUCT_BUNDLE_IDENTIFIER = "dev.xaria.SD-App-V3";
				PRODUCT_NAME = "$(TARGET_NAME)";
				SWIFT_EMIT_LOC_STRINGS = YES;
				SWIFT_VERSION = 5.0;
				TARGETED_DEVICE_FAMILY = "1,2";
			};
			name = Debug;
		};
		572FE3BA2B698AE000CB3E61 /* Release */ = {
			isa = XCBuildConfiguration;
			buildSettings = {
				ASSETCATALOG_COMPILER_APPICON_NAME = AppIcon;
				ASSETCATALOG_COMPILER_GLOBAL_ACCENT_COLOR_NAME = AccentColor;
				CODE_SIGN_STYLE = Automatic;
				CURRENT_PROJECT_VERSION = 1;
				DEVELOPMENT_ASSET_PATHS = "\"SD App V3/Preview Content\"";
				DEVELOPMENT_TEAM = X9PHZXT6J7;
				ENABLE_PREVIEWS = YES;
				GENERATE_INFOPLIST_FILE = YES;
				INFOPLIST_FILE = "SD-App-V3-Info.plist";
				INFOPLIST_KEY_UIApplicationSceneManifest_Generation = YES;
				INFOPLIST_KEY_UIApplicationSupportsIndirectInputEvents = YES;
				INFOPLIST_KEY_UILaunchScreen_Generation = YES;
				INFOPLIST_KEY_UILaunchStoryboardName = "Launch Screen.storyboard";
				INFOPLIST_KEY_UISupportedInterfaceOrientations_iPad = "UIInterfaceOrientationPortrait UIInterfaceOrientationPortraitUpsideDown UIInterfaceOrientationLandscapeLeft UIInterfaceOrientationLandscapeRight";
				INFOPLIST_KEY_UISupportedInterfaceOrientations_iPhone = "UIInterfaceOrientationPortrait UIInterfaceOrientationLandscapeLeft UIInterfaceOrientationLandscapeRight";
				IPHONEOS_DEPLOYMENT_TARGET = 16.1;
				LD_RUNPATH_SEARCH_PATHS = (
					"$(inherited)",
					"@executable_path/Frameworks",
				);
				MARKETING_VERSION = 1.0;
				PRODUCT_BUNDLE_IDENTIFIER = "dev.xaria.SD-App-V3";
				PRODUCT_NAME = "$(TARGET_NAME)";
				SWIFT_EMIT_LOC_STRINGS = YES;
				SWIFT_VERSION = 5.0;
				TARGETED_DEVICE_FAMILY = "1,2";
			};
			name = Release;
		};
/* End XCBuildConfiguration section */

/* Begin XCConfigurationList section */
		572FE3A52B698ADE00CB3E61 /* Build configuration list for PBXProject "SD App V3" */ = {
			isa = XCConfigurationList;
			buildConfigurations = (
				572FE3B62B698AE000CB3E61 /* Debug */,
				572FE3B72B698AE000CB3E61 /* Release */,
			);
			defaultConfigurationIsVisible = 0;
			defaultConfigurationName = Release;
		};
		572FE3B82B698AE000CB3E61 /* Build configuration list for PBXNativeTarget "SD App V3" */ = {
			isa = XCConfigurationList;
			buildConfigurations = (
				572FE3B92B698AE000CB3E61 /* Debug */,
				572FE3BA2B698AE000CB3E61 /* Release */,
			);
			defaultConfigurationIsVisible = 0;
			defaultConfigurationName = Release;
		};
/* End XCConfigurationList section */

/* Begin XCRemoteSwiftPackageReference section */
		5704DDEE2B788CC700253D4F /* XCRemoteSwiftPackageReference "AnimatedTabBar" */ = {
			isa = XCRemoteSwiftPackageReference;
			repositoryURL = "https://github.com/xariadavis/AnimatedTabBar.git";
			requirement = {
				branch = main;
				kind = branch;
			};
		};
		571E11542B927D0F00D6D1B4 /* XCRemoteSwiftPackageReference "firebase-ios-sdk" */ = {
			isa = XCRemoteSwiftPackageReference;
			repositoryURL = "https://github.com/firebase/firebase-ios-sdk";
			requirement = {
				kind = upToNextMajorVersion;
				minimumVersion = 10.0.0;
			};
		};
		572FE3C02B698EBC00CB3E61 /* XCRemoteSwiftPackageReference "lottie-spm" */ = {
			isa = XCRemoteSwiftPackageReference;
			repositoryURL = "https://github.com/airbnb/lottie-spm.git";
			requirement = {
				kind = upToNextMajorVersion;
				minimumVersion = 4.0.0;
			};
		};
		573A95BE2B70082100149372 /* XCRemoteSwiftPackageReference "neumorphic" */ = {
			isa = XCRemoteSwiftPackageReference;
			repositoryURL = "https://github.com/costachung/neumorphic/";
			requirement = {
				branch = master;
				kind = branch;
			};
		};
		575F7B942B705F4A009082ED /* XCRemoteSwiftPackageReference "ScalingHeaderScrollView" */ = {
			isa = XCRemoteSwiftPackageReference;
			repositoryURL = "https://github.com/exyte/ScalingHeaderScrollView.git";
			requirement = {
				kind = upToNextMajorVersion;
				minimumVersion = 1.0.0;
			};
		};
		579691662B7346A500FCA50F /* XCRemoteSwiftPackageReference "PZCircularControl" */ = {
			isa = XCRemoteSwiftPackageReference;
			repositoryURL = "https://github.com/philptr/PZCircularControl.git";
			requirement = {
				kind = upToNextMajorVersion;
				minimumVersion = 0.1.2;
			};
		};
		57BB10D82B7FD2280070DE63 /* XCRemoteSwiftPackageReference "KDCircularProgress" */ = {
			isa = XCRemoteSwiftPackageReference;
			repositoryURL = "https://github.com/kaandedeoglu/KDCircularProgress.git";
			requirement = {
				kind = upToNextMajorVersion;
				minimumVersion = 1.0.0;
			};
		};
/* End XCRemoteSwiftPackageReference section */

/* Begin XCSwiftPackageProductDependency section */
		5704DDEF2B788CC700253D4F /* AnimatedTabBar */ = {
			isa = XCSwiftPackageProductDependency;
			package = 5704DDEE2B788CC700253D4F /* XCRemoteSwiftPackageReference "AnimatedTabBar" */;
			productName = AnimatedTabBar;
		};
		571E11552B927D0F00D6D1B4 /* FirebaseAnalytics */ = {
			isa = XCSwiftPackageProductDependency;
			package = 571E11542B927D0F00D6D1B4 /* XCRemoteSwiftPackageReference "firebase-ios-sdk" */;
			productName = FirebaseAnalytics;
		};
		571E11572B927D0F00D6D1B4 /* FirebaseAnalyticsSwift */ = {
			isa = XCSwiftPackageProductDependency;
			package = 571E11542B927D0F00D6D1B4 /* XCRemoteSwiftPackageReference "firebase-ios-sdk" */;
			productName = FirebaseAnalyticsSwift;
		};
		571E11592B927D0F00D6D1B4 /* FirebaseAuth */ = {
			isa = XCSwiftPackageProductDependency;
			package = 571E11542B927D0F00D6D1B4 /* XCRemoteSwiftPackageReference "firebase-ios-sdk" */;
			productName = FirebaseAuth;
		};
		571E115B2B927D0F00D6D1B4 /* FirebaseDatabase */ = {
			isa = XCSwiftPackageProductDependency;
			package = 571E11542B927D0F00D6D1B4 /* XCRemoteSwiftPackageReference "firebase-ios-sdk" */;
			productName = FirebaseDatabase;
		};
		571E115D2B927D0F00D6D1B4 /* FirebaseDatabaseSwift */ = {
			isa = XCSwiftPackageProductDependency;
			package = 571E11542B927D0F00D6D1B4 /* XCRemoteSwiftPackageReference "firebase-ios-sdk" */;
			productName = FirebaseDatabaseSwift;
		};
		571E115F2B927D0F00D6D1B4 /* FirebaseFirestore */ = {
			isa = XCSwiftPackageProductDependency;
			package = 571E11542B927D0F00D6D1B4 /* XCRemoteSwiftPackageReference "firebase-ios-sdk" */;
			productName = FirebaseFirestore;
		};
		571E11612B927D0F00D6D1B4 /* FirebaseFirestoreSwift */ = {
			isa = XCSwiftPackageProductDependency;
			package = 571E11542B927D0F00D6D1B4 /* XCRemoteSwiftPackageReference "firebase-ios-sdk" */;
			productName = FirebaseFirestoreSwift;
		};
		572FE3C12B698EBC00CB3E61 /* Lottie */ = {
			isa = XCSwiftPackageProductDependency;
			package = 572FE3C02B698EBC00CB3E61 /* XCRemoteSwiftPackageReference "lottie-spm" */;
			productName = Lottie;
		};
		573A95BF2B70082100149372 /* Neumorphic */ = {
			isa = XCSwiftPackageProductDependency;
			package = 573A95BE2B70082100149372 /* XCRemoteSwiftPackageReference "neumorphic" */;
			productName = Neumorphic;
		};
		575F7B952B705F4A009082ED /* ScalingHeaderScrollView */ = {
			isa = XCSwiftPackageProductDependency;
			package = 575F7B942B705F4A009082ED /* XCRemoteSwiftPackageReference "ScalingHeaderScrollView" */;
			productName = ScalingHeaderScrollView;
		};
		579691672B7346A500FCA50F /* PZCircularControl */ = {
			isa = XCSwiftPackageProductDependency;
			package = 579691662B7346A500FCA50F /* XCRemoteSwiftPackageReference "PZCircularControl" */;
			productName = PZCircularControl;
		};
		57BB10D92B7FD2280070DE63 /* KDCircularProgress */ = {
			isa = XCSwiftPackageProductDependency;
			package = 57BB10D82B7FD2280070DE63 /* XCRemoteSwiftPackageReference "KDCircularProgress" */;
			productName = KDCircularProgress;
		};
/* End XCSwiftPackageProductDependency section */
	};
	rootObject = 572FE3A22B698ADE00CB3E61 /* Project object */;
}
